{
  "version": 4,
  "terraform_version": "1.7.1",
  "serial": 446,
  "lineage": "a8cf93ab-f3bc-932e-a628-b60a43acfeaa",
  "outputs": {},
  "resources": [
    {
      "mode": "data",
      "type": "aws_caller_identity",
      "name": "account-identity",
      "provider": "provider[\"registry.terraform.io/hashicorp/aws\"]",
      "instances": [
        {
          "schema_version": 0,
          "attributes": {
            "account_id": "160071257600",
            "arn": "arn:aws:sts::160071257600:assumed-role/AWSReservedSSO_PowerUserPlusRole_db88d920cf78a35f/johny.vasamsetti@thoughtworks.com",
            "id": "160071257600",
            "user_id": "AROASKRH5RYAHBKRAPZGL:johny.vasamsetti@thoughtworks.com"
          },
          "sensitive_attributes": []
        }
      ]
    },
    {
      "mode": "managed",
      "type": "aws_db_instance",
      "name": "rds",
      "provider": "provider[\"registry.terraform.io/hashicorp/aws\"]",
      "instances": [
        {
          "schema_version": 2,
          "attributes": {
            "address": "wordpress.clidb2xnr6qm.us-east-1.rds.amazonaws.com",
            "allocated_storage": 10,
            "allow_major_version_upgrade": null,
            "apply_immediately": false,
            "arn": "arn:aws:rds:us-east-1:160071257600:db:wordpress",
            "auto_minor_version_upgrade": true,
            "availability_zone": "us-east-1a",
            "backup_retention_period": 0,
            "backup_target": "region",
            "backup_window": "07:19-07:49",
            "blue_green_update": [],
            "ca_cert_identifier": "rds-ca-rsa2048-g1",
            "character_set_name": "",
            "copy_tags_to_snapshot": false,
            "custom_iam_instance_profile": "",
            "customer_owned_ip_enabled": false,
            "db_name": "mydb",
            "db_subnet_group_name": "rds_subnet_groups",
            "dedicated_log_volume": false,
            "delete_automated_backups": true,
            "deletion_protection": false,
            "domain": "",
            "domain_auth_secret_arn": "",
            "domain_dns_ips": [],
            "domain_fqdn": "",
            "domain_iam_role_name": "",
            "domain_ou": "",
            "enabled_cloudwatch_logs_exports": [],
            "endpoint": "wordpress.clidb2xnr6qm.us-east-1.rds.amazonaws.com:3306",
            "engine": "mysql",
            "engine_version": "8.0",
            "engine_version_actual": "8.0.35",
            "final_snapshot_identifier": null,
            "hosted_zone_id": "Z2R2ITUGPM61AM",
            "iam_database_authentication_enabled": false,
            "id": "db-2K7APTKIXKU4NQEMY2I2SOUQYY",
            "identifier": "wordpress",
            "identifier_prefix": "",
            "instance_class": "db.t3.micro",
            "iops": 0,
            "kms_key_id": "",
            "latest_restorable_time": "",
            "license_model": "general-public-license",
            "listener_endpoint": [],
            "maintenance_window": "sat:04:36-sat:05:06",
            "manage_master_user_password": null,
            "master_user_secret": [],
            "master_user_secret_kms_key_id": null,
            "max_allocated_storage": 0,
            "monitoring_interval": 0,
            "monitoring_role_arn": "",
            "multi_az": false,
            "nchar_character_set_name": "",
            "network_type": "IPV4",
            "option_group_name": "default:mysql-8-0",
            "parameter_group_name": "default.mysql8.0",
            "password": "YOocwvKsMw",
            "performance_insights_enabled": false,
            "performance_insights_kms_key_id": "",
            "performance_insights_retention_period": 0,
            "port": 3306,
            "publicly_accessible": false,
            "replica_mode": "",
            "replicas": [],
            "replicate_source_db": "",
            "resource_id": "db-2K7APTKIXKU4NQEMY2I2SOUQYY",
            "restore_to_point_in_time": [],
            "s3_import": [],
            "skip_final_snapshot": true,
            "snapshot_identifier": null,
            "status": "available",
            "storage_encrypted": false,
            "storage_throughput": 0,
            "storage_type": "gp2",
            "tags": {
              "Name": "wordpress-rds"
            },
            "tags_all": {
              "Name": "wordpress-rds"
            },
            "timeouts": null,
            "timezone": "",
            "username": "wordpress_aws",
            "vpc_security_group_ids": [
              "sg-0423197bb698bdc89"
            ]
          },
          "sensitive_attributes": [
            [
              {
                "type": "get_attr",
                "value": "password"
              }
            ]
          ],
          "private": "eyJlMmJmYjczMC1lY2FhLTExZTYtOGY4OC0zNDM2M2JjN2M0YzAiOnsiY3JlYXRlIjoyNDAwMDAwMDAwMDAwLCJkZWxldGUiOjM2MDAwMDAwMDAwMDAsInVwZGF0ZSI6NDgwMDAwMDAwMDAwMH0sInNjaGVtYV92ZXJzaW9uIjoiMiJ9",
          "dependencies": [
            "aws_db_subnet_group.rds_subnets",
            "aws_security_group.ALB_sg",
            "aws_security_group.db_sg",
            "aws_security_group.ec2_sg",
            "aws_security_group.webserver_sg",
            "aws_subnet.private3",
            "aws_subnet.private4",
            "aws_vpc.vpc",
            "random_password.master-password"
          ]
        }
      ]
    },
    {
      "mode": "managed",
      "type": "aws_db_subnet_group",
      "name": "rds_subnets",
      "provider": "provider[\"registry.terraform.io/hashicorp/aws\"]",
      "instances": [
        {
          "schema_version": 0,
          "attributes": {
            "arn": "arn:aws:rds:us-east-1:160071257600:subgrp:rds_subnet_groups",
            "description": "Managed by Terraform",
            "id": "rds_subnet_groups",
            "name": "rds_subnet_groups",
            "name_prefix": "",
            "subnet_ids": [
              "subnet-065b17253670f596d",
              "subnet-0a6ff0a2b9b8f8ee6"
            ],
            "supported_network_types": [
              "IPV4"
            ],
            "tags": {
              "Name": "My DB subnet group"
            },
            "tags_all": {
              "Name": "My DB subnet group"
            },
            "vpc_id": "vpc-0a31f5e70b944f691"
          },
          "sensitive_attributes": [],
          "private": "bnVsbA==",
          "dependencies": [
            "aws_subnet.private3",
            "aws_subnet.private4",
            "aws_vpc.vpc"
          ]
        }
      ]
    },
    {
      "mode": "managed",
      "type": "aws_efs_file_system",
      "name": "efs",
      "provider": "provider[\"registry.terraform.io/hashicorp/aws\"]",
      "instances": [
        {
          "schema_version": 0,
          "attributes": {
            "arn": "arn:aws:elasticfilesystem:us-east-1:160071257600:file-system/fs-0e7c35f6e2daafb13",
            "availability_zone_id": "",
            "availability_zone_name": "",
            "creation_token": "EFS",
            "dns_name": "fs-0e7c35f6e2daafb13.efs.us-east-1.amazonaws.com",
            "encrypted": false,
            "id": "fs-0e7c35f6e2daafb13",
            "kms_key_id": "",
            "lifecycle_policy": [],
            "name": "EFS",
            "number_of_mount_targets": 2,
            "owner_id": "160071257600",
            "performance_mode": "generalPurpose",
            "protection": [
              {
                "replication_overwrite": "ENABLED"
              }
            ],
            "provisioned_throughput_in_mibps": 0,
            "size_in_bytes": [
              {
                "value": 6144,
                "value_in_ia": 0,
                "value_in_standard": 6144
              }
            ],
            "tags": {
              "Name": "EFS"
            },
            "tags_all": {
              "Name": "EFS"
            },
            "throughput_mode": "bursting"
          },
          "sensitive_attributes": [],
          "private": "bnVsbA=="
        }
      ]
    },
    {
      "mode": "managed",
      "type": "aws_efs_mount_target",
      "name": "mount_target_a",
      "provider": "provider[\"registry.terraform.io/hashicorp/aws\"]",
      "instances": [
        {
          "schema_version": 0,
          "attributes": {
            "availability_zone_id": "use1-az4",
            "availability_zone_name": "us-east-1a",
            "dns_name": "fs-0e7c35f6e2daafb13.efs.us-east-1.amazonaws.com",
            "file_system_arn": "arn:aws:elasticfilesystem:us-east-1:160071257600:file-system/fs-0e7c35f6e2daafb13",
            "file_system_id": "fs-0e7c35f6e2daafb13",
            "id": "fsmt-017aa0552a2fd092d",
            "ip_address": "10.0.4.221",
            "mount_target_dns_name": "us-east-1a.fs-0e7c35f6e2daafb13.efs.us-east-1.amazonaws.com",
            "network_interface_id": "eni-0b7bee300dea538ee",
            "owner_id": "160071257600",
            "security_groups": [
              "sg-0a7d93c9facfa882e"
            ],
            "subnet_id": "subnet-0a6ff0a2b9b8f8ee6",
            "timeouts": null
          },
          "sensitive_attributes": [],
          "private": "eyJlMmJmYjczMC1lY2FhLTExZTYtOGY4OC0zNDM2M2JjN2M0YzAiOnsiY3JlYXRlIjoxODAwMDAwMDAwMDAwLCJkZWxldGUiOjYwMDAwMDAwMDAwMH19",
          "dependencies": [
            "aws_efs_file_system.efs",
            "aws_security_group.ALB_sg",
            "aws_security_group.EFS_sg",
            "aws_security_group.ec2_sg",
            "aws_security_group.webserver_sg",
            "aws_subnet.private3",
            "aws_vpc.vpc"
          ]
        }
      ]
    },
    {
      "mode": "managed",
      "type": "aws_efs_mount_target",
      "name": "mount_target_b",
      "provider": "provider[\"registry.terraform.io/hashicorp/aws\"]",
      "instances": [
        {
          "schema_version": 0,
          "attributes": {
            "availability_zone_id": "use1-az6",
            "availability_zone_name": "us-east-1b",
            "dns_name": "fs-0e7c35f6e2daafb13.efs.us-east-1.amazonaws.com",
            "file_system_arn": "arn:aws:elasticfilesystem:us-east-1:160071257600:file-system/fs-0e7c35f6e2daafb13",
            "file_system_id": "fs-0e7c35f6e2daafb13",
            "id": "fsmt-047cc3b18194f9b61",
            "ip_address": "10.0.5.95",
            "mount_target_dns_name": "us-east-1b.fs-0e7c35f6e2daafb13.efs.us-east-1.amazonaws.com",
            "network_interface_id": "eni-0d5c3d44b0ca7a73b",
            "owner_id": "160071257600",
            "security_groups": [
              "sg-0a7d93c9facfa882e"
            ],
            "subnet_id": "subnet-065b17253670f596d",
            "timeouts": null
          },
          "sensitive_attributes": [],
          "private": "eyJlMmJmYjczMC1lY2FhLTExZTYtOGY4OC0zNDM2M2JjN2M0YzAiOnsiY3JlYXRlIjoxODAwMDAwMDAwMDAwLCJkZWxldGUiOjYwMDAwMDAwMDAwMH19",
          "dependencies": [
            "aws_efs_file_system.efs",
            "aws_security_group.ALB_sg",
            "aws_security_group.EFS_sg",
            "aws_security_group.ec2_sg",
            "aws_security_group.webserver_sg",
            "aws_subnet.private4",
            "aws_vpc.vpc"
          ]
        }
      ]
    },
    {
      "mode": "managed",
      "type": "aws_eip",
      "name": "eip",
      "provider": "provider[\"registry.terraform.io/hashicorp/aws\"]",
      "instances": [
        {
          "schema_version": 0,
          "attributes": {
            "address": null,
            "allocation_id": "eipalloc-09caece0b5f62127f",
            "arn": "arn:aws:ec2:us-east-1:160071257600:elastic-ip/eipalloc-09caece0b5f62127f",
            "associate_with_private_ip": null,
            "association_id": "eipassoc-05381eed25add6c26",
            "carrier_ip": "",
            "customer_owned_ip": "",
            "customer_owned_ipv4_pool": "",
            "domain": "vpc",
            "id": "eipalloc-09caece0b5f62127f",
            "instance": "",
            "network_border_group": "us-east-1",
            "network_interface": "eni-0be2ee9d1ad08dd1f",
            "private_dns": "ip-10-0-0-100.ec2.internal",
            "private_ip": "10.0.0.100",
            "ptr_record": "",
            "public_dns": "ec2-52-73-161-78.compute-1.amazonaws.com",
            "public_ip": "52.73.161.78",
            "public_ipv4_pool": "amazon",
            "tags": {},
            "tags_all": {},
            "timeouts": null,
            "vpc": true
          },
          "sensitive_attributes": [],
          "private": "eyJlMmJmYjczMC1lY2FhLTExZTYtOGY4OC0zNDM2M2JjN2M0YzAiOnsiZGVsZXRlIjoxODAwMDAwMDAwMDAsInJlYWQiOjkwMDAwMDAwMDAwMCwidXBkYXRlIjozMDAwMDAwMDAwMDB9fQ=="
        }
      ]
    },
    {
      "mode": "managed",
      "type": "aws_eip",
      "name": "eip2",
      "provider": "provider[\"registry.terraform.io/hashicorp/aws\"]",
      "instances": [
        {
          "schema_version": 0,
          "attributes": {
            "address": null,
            "allocation_id": "eipalloc-094780d938e44e3a4",
            "arn": "arn:aws:ec2:us-east-1:160071257600:elastic-ip/eipalloc-094780d938e44e3a4",
            "associate_with_private_ip": null,
            "association_id": "eipassoc-09f50587599b416e5",
            "carrier_ip": "",
            "customer_owned_ip": "",
            "customer_owned_ipv4_pool": "",
            "domain": "vpc",
            "id": "eipalloc-094780d938e44e3a4",
            "instance": "",
            "network_border_group": "us-east-1",
            "network_interface": "eni-0e348a8908b9f6adc",
            "private_dns": "ip-10-0-1-21.ec2.internal",
            "private_ip": "10.0.1.21",
            "ptr_record": "",
            "public_dns": "ec2-50-19-233-97.compute-1.amazonaws.com",
            "public_ip": "50.19.233.97",
            "public_ipv4_pool": "amazon",
            "tags": {},
            "tags_all": {},
            "timeouts": null,
            "vpc": true
          },
          "sensitive_attributes": [],
          "private": "eyJlMmJmYjczMC1lY2FhLTExZTYtOGY4OC0zNDM2M2JjN2M0YzAiOnsiZGVsZXRlIjoxODAwMDAwMDAwMDAsInJlYWQiOjkwMDAwMDAwMDAwMCwidXBkYXRlIjozMDAwMDAwMDAwMDB9fQ=="
        }
      ]
    },
    {
      "mode": "managed",
      "type": "aws_iam_policy",
      "name": "rds-secret-permissions",
      "provider": "provider[\"registry.terraform.io/hashicorp/aws\"]",
      "instances": [
        {
          "schema_version": 0,
          "attributes": {
            "arn": "arn:aws:iam::160071257600:policy/terraform-20240710133559874800000001",
            "attachment_count": 1,
            "description": "",
            "id": "arn:aws:iam::160071257600:policy/terraform-20240710133559874800000001",
            "name": "terraform-20240710133559874800000001",
            "name_prefix": "terraform-",
            "path": "/",
            "policy": "{\"Statement\":[{\"Action\":[\"secretsmanager:GetSecretValue\",\"secretsmanager:DescribeSecret\"],\"Effect\":\"Allow\",\"Resource\":\"arn:aws:secretsmanager:us-east-1:160071257600:secret:rds-master-*\"},{\"Action\":[\"kms:Decrypt\"],\"Effect\":\"Allow\",\"Resource\":\"arn:aws:kms:us-east-1:160071257600:key/*\"}],\"Version\":\"2012-10-17\"}",
            "policy_id": "ANPASKRH5RYADTB2FPVF6",
            "tags": {},
            "tags_all": {}
          },
          "sensitive_attributes": [],
          "private": "bnVsbA==",
          "dependencies": [
            "data.aws_caller_identity.account-identity"
          ]
        }
      ]
    },
    {
      "mode": "managed",
      "type": "aws_iam_role",
      "name": "app-tier-role",
      "provider": "provider[\"registry.terraform.io/hashicorp/aws\"]",
      "instances": [
        {
          "schema_version": 0,
          "attributes": {
            "arn": "arn:aws:iam::160071257600:role/terraform-20240710133653948600000002",
            "assume_role_policy": "{\"Statement\":[{\"Action\":\"sts:AssumeRole\",\"Effect\":\"Allow\",\"Principal\":{\"Service\":\"ec2.amazonaws.com\"}}],\"Version\":\"2012-10-17\"}",
            "create_date": "2024-07-10T13:36:53Z",
            "description": "",
            "force_detach_policies": false,
            "id": "terraform-20240710133653948600000002",
            "inline_policy": [],
            "managed_policy_arns": [
              "arn:aws:iam::160071257600:policy/terraform-20240710133559874800000001"
            ],
            "max_session_duration": 3600,
            "name": "terraform-20240710133653948600000002",
            "name_prefix": "terraform-",
            "path": "/",
            "permissions_boundary": "",
            "tags": {},
            "tags_all": {},
            "unique_id": "AROASKRH5RYAHGLBSHOVD"
          },
          "sensitive_attributes": [],
          "private": "bnVsbA=="
        }
      ]
    },
    {
      "mode": "managed",
      "type": "aws_iam_role_policy_attachment",
      "name": "instance-role-policy-attachment",
      "provider": "provider[\"registry.terraform.io/hashicorp/aws\"]",
      "instances": [
        {
          "schema_version": 0,
          "attributes": {
            "id": "terraform-20240710133653948600000002-20240710133655621000000003",
            "policy_arn": "arn:aws:iam::160071257600:policy/terraform-20240710133559874800000001",
            "role": "terraform-20240710133653948600000002"
          },
          "sensitive_attributes": [],
          "private": "bnVsbA==",
          "dependencies": [
            "aws_iam_policy.rds-secret-permissions",
            "aws_iam_role.app-tier-role",
            "data.aws_caller_identity.account-identity"
          ]
        }
      ]
    },
    {
      "mode": "managed",
      "type": "aws_instance",
      "name": "ec2",
      "provider": "provider[\"registry.terraform.io/hashicorp/aws\"]",
      "instances": [
        {
          "schema_version": 1,
          "attributes": {
            "ami": "ami-0cf10cdf9fcd62d37",
            "arn": "arn:aws:ec2:us-east-1:160071257600:instance/i-0bf51541141a54054",
            "associate_public_ip_address": true,
            "availability_zone": "us-east-1a",
            "capacity_reservation_specification": [
              {
                "capacity_reservation_preference": "open",
                "capacity_reservation_target": []
              }
            ],
            "cpu_core_count": 1,
            "cpu_options": [
              {
                "amd_sev_snp": "",
                "core_count": 1,
                "threads_per_core": 1
              }
            ],
            "cpu_threads_per_core": 1,
            "credit_specification": [
              {
                "cpu_credits": "standard"
              }
            ],
            "disable_api_stop": false,
            "disable_api_termination": false,
            "ebs_block_device": [],
            "ebs_optimized": false,
            "enclave_options": [
              {
                "enabled": false
              }
            ],
            "ephemeral_block_device": [],
            "get_password_data": false,
            "hibernation": false,
            "host_id": "",
            "host_resource_group_arn": null,
            "iam_instance_profile": "",
            "id": "i-0bf51541141a54054",
            "instance_initiated_shutdown_behavior": "stop",
            "instance_lifecycle": "",
            "instance_market_options": [],
            "instance_state": "running",
            "instance_type": "t2.micro",
            "ipv6_address_count": 0,
            "ipv6_addresses": [],
            "key_name": "instance",
            "launch_template": [],
            "maintenance_options": [
              {
                "auto_recovery": "default"
              }
            ],
            "metadata_options": [
              {
                "http_endpoint": "enabled",
                "http_protocol_ipv6": "disabled",
                "http_put_response_hop_limit": 1,
                "http_tokens": "optional",
                "instance_metadata_tags": "disabled"
              }
            ],
            "monitoring": false,
            "network_interface": [],
            "outpost_arn": "",
            "password_data": "",
            "placement_group": "",
            "placement_partition_number": 0,
            "primary_network_interface_id": "eni-0807a756bc6fd156c",
            "private_dns": "ip-10-0-0-161.ec2.internal",
            "private_dns_name_options": [
              {
                "enable_resource_name_dns_a_record": false,
                "enable_resource_name_dns_aaaa_record": false,
                "hostname_type": "ip-name"
              }
            ],
            "private_ip": "10.0.0.161",
            "public_dns": "ec2-18-214-99-155.compute-1.amazonaws.com",
            "public_ip": "18.214.99.155",
            "root_block_device": [
              {
                "delete_on_termination": true,
                "device_name": "/dev/xvda",
                "encrypted": false,
                "iops": 100,
                "kms_key_id": "",
                "tags": {},
                "tags_all": {},
                "throughput": 0,
                "volume_id": "vol-0f86c501760290f6b",
                "volume_size": 8,
                "volume_type": "gp2"
              }
            ],
            "secondary_private_ips": [],
            "security_groups": [
              "sg-057f4b3df7229d0ae"
            ],
            "source_dest_check": true,
            "spot_instance_request_id": "",
            "subnet_id": "subnet-05ce818d2b90b29fc",
            "tags": {
              "Name": " EC2-public"
            },
            "tags_all": {
              "Name": " EC2-public"
            },
            "tenancy": "default",
            "timeouts": null,
            "user_data": null,
            "user_data_base64": null,
            "user_data_replace_on_change": false,
            "volume_tags": null,
            "vpc_security_group_ids": [
              "sg-057f4b3df7229d0ae"
            ]
          },
          "sensitive_attributes": [],
          "private": "eyJlMmJmYjczMC1lY2FhLTExZTYtOGY4OC0zNDM2M2JjN2M0YzAiOnsiY3JlYXRlIjo2MDAwMDAwMDAwMDAsImRlbGV0ZSI6MTIwMDAwMDAwMDAwMCwicmVhZCI6OTAwMDAwMDAwMDAwLCJ1cGRhdGUiOjYwMDAwMDAwMDAwMH0sInNjaGVtYV92ZXJzaW9uIjoiMSJ9",
          "dependencies": [
            "aws_key_pair.instance_key",
            "aws_security_group.ec2_sg",
            "aws_subnet.pub",
            "aws_vpc.vpc",
            "tls_private_key.ssh_key"
          ]
        }
      ]
    },
    {
      "mode": "managed",
      "type": "aws_internet_gateway",
      "name": "igw",
      "provider": "provider[\"registry.terraform.io/hashicorp/aws\"]",
      "instances": [
        {
          "schema_version": 0,
          "attributes": {
            "arn": "arn:aws:ec2:us-east-1:160071257600:internet-gateway/igw-04f1fde31b543e77c",
            "id": "igw-04f1fde31b543e77c",
            "owner_id": "160071257600",
            "tags": {
              "Name": "VPC-A-IGW"
            },
            "tags_all": {
              "Name": "VPC-A-IGW"
            },
            "timeouts": null,
            "vpc_id": "vpc-0a31f5e70b944f691"
          },
          "sensitive_attributes": [],
          "private": "eyJlMmJmYjczMC1lY2FhLTExZTYtOGY4OC0zNDM2M2JjN2M0YzAiOnsiY3JlYXRlIjoxMjAwMDAwMDAwMDAwLCJkZWxldGUiOjEyMDAwMDAwMDAwMDAsInVwZGF0ZSI6MTIwMDAwMDAwMDAwMH19",
          "dependencies": [
            "aws_vpc.vpc"
          ]
        }
      ]
    },
    {
      "mode": "managed",
      "type": "aws_key_pair",
      "name": "instance_key",
      "provider": "provider[\"registry.terraform.io/hashicorp/aws\"]",
      "instances": [
        {
          "schema_version": 1,
          "attributes": {
            "arn": "arn:aws:ec2:us-east-1:160071257600:key-pair/instance",
            "fingerprint": "12:a8:48:ca:6f:e5:84:7f:37:8e:c8:51:4a:e0:69:52",
            "id": "instance",
            "key_name": "instance",
            "key_name_prefix": "",
            "key_pair_id": "key-07bb124fd0c813ea6",
            "key_type": "rsa",
            "public_key": "ssh-rsa AAAAB3NzaC1yc2EAAAADAQABAAACAQDMZEMslZgQVuFmoPpEEgf7Awt9bBUu/aLje0A6J1kRvhluPQ8DEW/NQBMqilcZyrqRP0WgHBwA7HqR77DAtbzgzD+x1niIBSpQyJGOzGg09Ee94JMuoiP0iVGWtPJ7TPtv8gzc2IRMpHx7rRYzCs942qtcqIB1+I4Rb/gYcqwom1GPUhS4jGeEa/KlYnZob9Brk6swZX3hinHsr/M4MJeSHHh9ucfQgx2RLcw6ZQfGEFq6lv8HSE929ahP10Lmxsx1giIM0zLYW7Mre/KToGa+iWgscgA401fhquDbVTG9RHEwt1IHwgOlSF7MCDit4W/PtAohAXESkq/nefQg5IhZs6Ckt+sWcmSav2S5+omcIYOQ1ZZwpxSB/NL72SKUTTwTj4fOw3bL0VZduxy9MNQvXwn/zQ7DeYI38dNBDGNiGbaDvdB7Da8+iTYtaa1D8HorJb3Xm1bQjnThhxAinfzkCVW5H94su8apFFAcKnKFo/V2Ry0x8Wn9Dx9UcbN3rYbXzryn+DMfxgEA+Cu4ftAIcQvsYZbuV9ZIF1Q+FdEdjzyeDRmnqG2L2jAhcWEukQFnecWLBfdzZHa1cvZI2bGncpiIGTZsUpyj+S9mbikv0sWcn2i47xUC0Ur0NOZnSLS23Ea3v9ZKCbFzuO4w4UoFe/yHv4iBERfVILttzNVCqQ==",
            "tags": {},
            "tags_all": {}
          },
          "sensitive_attributes": [],
          "private": "eyJzY2hlbWFfdmVyc2lvbiI6IjEifQ==",
          "dependencies": [
            "tls_private_key.ssh_key"
          ]
        }
      ]
    },
    {
      "mode": "managed",
      "type": "aws_lb",
      "name": "alb",
      "provider": "provider[\"registry.terraform.io/hashicorp/aws\"]",
      "instances": [
        {
          "schema_version": 0,
          "attributes": {
            "access_logs": [
              {
                "bucket": "",
                "enabled": false,
                "prefix": ""
              }
            ],
            "arn": "arn:aws:elasticloadbalancing:us-east-1:160071257600:loadbalancer/app/ALB/1340a163583dbbe3",
            "arn_suffix": "app/ALB/1340a163583dbbe3",
            "client_keep_alive": 3600,
            "connection_logs": [
              {
                "bucket": "",
                "enabled": false,
                "prefix": ""
              }
            ],
            "customer_owned_ipv4_pool": "",
            "desync_mitigation_mode": "defensive",
            "dns_name": "ALB-21385254.us-east-1.elb.amazonaws.com",
            "dns_record_client_routing_policy": null,
            "drop_invalid_header_fields": false,
            "enable_cross_zone_load_balancing": true,
            "enable_deletion_protection": true,
            "enable_http2": true,
            "enable_tls_version_and_cipher_suite_headers": false,
            "enable_waf_fail_open": false,
            "enable_xff_client_port": false,
            "enforce_security_group_inbound_rules_on_private_link_traffic": "",
            "id": "arn:aws:elasticloadbalancing:us-east-1:160071257600:loadbalancer/app/ALB/1340a163583dbbe3",
            "idle_timeout": 60,
            "internal": false,
            "ip_address_type": "ipv4",
            "load_balancer_type": "application",
            "name": "ALB",
            "name_prefix": "",
            "preserve_host_header": false,
            "security_groups": [
              "sg-0c5c477834eba000f"
            ],
            "subnet_mapping": [
              {
                "allocation_id": "",
                "ipv6_address": "",
                "outpost_id": "",
                "private_ipv4_address": "",
                "subnet_id": "subnet-05ce818d2b90b29fc"
              },
              {
                "allocation_id": "",
                "ipv6_address": "",
                "outpost_id": "",
                "private_ipv4_address": "",
                "subnet_id": "subnet-0b104ae438dc276f5"
              }
            ],
            "subnets": [
              "subnet-05ce818d2b90b29fc",
              "subnet-0b104ae438dc276f5"
            ],
            "tags": {
              "Name": "ALB",
              "task": "ALB"
            },
            "tags_all": {
              "Name": "ALB",
              "task": "ALB"
            },
            "timeouts": null,
            "vpc_id": "vpc-0a31f5e70b944f691",
            "xff_header_processing_mode": "append",
            "zone_id": "Z35SXDOTRQ7X7K"
          },
          "sensitive_attributes": [],
          "private": "eyJlMmJmYjczMC1lY2FhLTExZTYtOGY4OC0zNDM2M2JjN2M0YzAiOnsiY3JlYXRlIjo2MDAwMDAwMDAwMDAsImRlbGV0ZSI6NjAwMDAwMDAwMDAwLCJ1cGRhdGUiOjYwMDAwMDAwMDAwMH19",
          "dependencies": [
            "aws_security_group.ALB_sg",
            "aws_subnet.pub",
            "aws_subnet.pub2",
            "aws_vpc.vpc"
          ]
        }
      ]
    },
    {
      "mode": "managed",
      "type": "aws_lb_listener",
      "name": "alb_listener",
      "provider": "provider[\"registry.terraform.io/hashicorp/aws\"]",
      "instances": [
        {
          "schema_version": 0,
          "attributes": {
            "alpn_policy": null,
            "arn": "arn:aws:elasticloadbalancing:us-east-1:160071257600:listener/app/ALB/1340a163583dbbe3/f3f286534fc58b53",
            "certificate_arn": null,
            "default_action": [
              {
                "authenticate_cognito": [],
                "authenticate_oidc": [],
                "fixed_response": [],
                "forward": [],
                "order": 1,
                "redirect": [],
                "target_group_arn": "arn:aws:elasticloadbalancing:us-east-1:160071257600:targetgroup/alb-tg/b56d4888d04724fd",
                "type": "forward"
              }
            ],
            "id": "arn:aws:elasticloadbalancing:us-east-1:160071257600:listener/app/ALB/1340a163583dbbe3/f3f286534fc58b53",
            "load_balancer_arn": "arn:aws:elasticloadbalancing:us-east-1:160071257600:loadbalancer/app/ALB/1340a163583dbbe3",
            "mutual_authentication": [],
            "port": 80,
            "protocol": "HTTP",
            "ssl_policy": "",
            "tags": {},
            "tags_all": {},
            "timeouts": null
          },
          "sensitive_attributes": [],
          "private": "eyJlMmJmYjczMC1lY2FhLTExZTYtOGY4OC0zNDM2M2JjN2M0YzAiOnsiY3JlYXRlIjozMDAwMDAwMDAwMDAsInVwZGF0ZSI6MzAwMDAwMDAwMDAwfX0=",
          "dependencies": [
            "aws_lb.alb",
            "aws_lb_target_group.alb_tg",
            "aws_security_group.ALB_sg",
            "aws_subnet.pub",
            "aws_subnet.pub2",
            "aws_vpc.vpc"
          ]
        }
      ]
    },
    {
      "mode": "managed",
      "type": "aws_lb_target_group",
      "name": "alb_tg",
      "provider": "provider[\"registry.terraform.io/hashicorp/aws\"]",
      "instances": [
        {
          "schema_version": 0,
          "attributes": {
            "arn": "arn:aws:elasticloadbalancing:us-east-1:160071257600:targetgroup/alb-tg/b56d4888d04724fd",
            "arn_suffix": "targetgroup/alb-tg/b56d4888d04724fd",
            "connection_termination": null,
            "deregistration_delay": "300",
            "health_check": [
              {
                "enabled": true,
                "healthy_threshold": 2,
                "interval": 30,
                "matcher": "200",
                "path": "/",
                "port": "traffic-port",
                "protocol": "HTTP",
                "timeout": 5,
                "unhealthy_threshold": 2
              }
            ],
            "id": "arn:aws:elasticloadbalancing:us-east-1:160071257600:targetgroup/alb-tg/b56d4888d04724fd",
            "ip_address_type": "ipv4",
            "lambda_multi_value_headers_enabled": false,
            "load_balancer_arns": [
              "arn:aws:elasticloadbalancing:us-east-1:160071257600:loadbalancer/app/ALB/1340a163583dbbe3"
            ],
            "load_balancing_algorithm_type": "round_robin",
            "load_balancing_anomaly_mitigation": "off",
            "load_balancing_cross_zone_enabled": "use_load_balancer_configuration",
            "name": "alb-tg",
            "name_prefix": "",
            "port": 80,
            "preserve_client_ip": null,
            "protocol": "HTTP",
            "protocol_version": "HTTP1",
            "proxy_protocol_v2": false,
            "slow_start": 0,
            "stickiness": [
              {
                "cookie_duration": 86400,
                "cookie_name": "",
                "enabled": false,
                "type": "lb_cookie"
              }
            ],
            "tags": {},
            "tags_all": {},
            "target_failover": [
              {
                "on_deregistration": null,
                "on_unhealthy": null
              }
            ],
            "target_health_state": [
              {
                "enable_unhealthy_connection_termination": null
              }
            ],
            "target_type": "instance",
            "vpc_id": "vpc-0a31f5e70b944f691"
          },
          "sensitive_attributes": [],
          "private": "bnVsbA==",
          "dependencies": [
            "aws_vpc.vpc"
          ]
        }
      ]
    },
    {
      "mode": "managed",
      "type": "aws_nat_gateway",
      "name": "ngw",
      "provider": "provider[\"registry.terraform.io/hashicorp/aws\"]",
      "instances": [
        {
          "schema_version": 0,
          "attributes": {
            "allocation_id": "eipalloc-09caece0b5f62127f",
            "association_id": "eipassoc-05381eed25add6c26",
            "connectivity_type": "public",
            "id": "nat-097f4a9920e79d607",
            "network_interface_id": "eni-0be2ee9d1ad08dd1f",
            "private_ip": "10.0.0.100",
            "public_ip": "52.73.161.78",
            "secondary_allocation_ids": [],
            "secondary_private_ip_address_count": 0,
            "secondary_private_ip_addresses": [],
            "subnet_id": "subnet-05ce818d2b90b29fc",
            "tags": {
              "Name": "NGW"
            },
            "tags_all": {
              "Name": "NGW"
            },
            "timeouts": null
          },
          "sensitive_attributes": [],
          "private": "eyJlMmJmYjczMC1lY2FhLTExZTYtOGY4OC0zNDM2M2JjN2M0YzAiOnsiY3JlYXRlIjo2MDAwMDAwMDAwMDAsImRlbGV0ZSI6MTgwMDAwMDAwMDAwMCwidXBkYXRlIjo2MDAwMDAwMDAwMDB9fQ==",
          "dependencies": [
            "aws_eip.eip",
            "aws_subnet.pub",
            "aws_vpc.vpc"
          ]
        }
      ]
    },
    {
      "mode": "managed",
      "type": "aws_nat_gateway",
      "name": "ngw2",
      "provider": "provider[\"registry.terraform.io/hashicorp/aws\"]",
      "instances": [
        {
          "schema_version": 0,
          "attributes": {
            "allocation_id": "eipalloc-094780d938e44e3a4",
            "association_id": "eipassoc-09f50587599b416e5",
            "connectivity_type": "public",
            "id": "nat-0539314a1a1ad5400",
            "network_interface_id": "eni-0e348a8908b9f6adc",
            "private_ip": "10.0.1.21",
            "public_ip": "50.19.233.97",
            "secondary_allocation_ids": [],
            "secondary_private_ip_address_count": 0,
            "secondary_private_ip_addresses": [],
            "subnet_id": "subnet-0b104ae438dc276f5",
            "tags": {
              "Name": "NGW2"
            },
            "tags_all": {
              "Name": "NGW2"
            },
            "timeouts": null
          },
          "sensitive_attributes": [],
          "private": "eyJlMmJmYjczMC1lY2FhLTExZTYtOGY4OC0zNDM2M2JjN2M0YzAiOnsiY3JlYXRlIjo2MDAwMDAwMDAwMDAsImRlbGV0ZSI6MTgwMDAwMDAwMDAwMCwidXBkYXRlIjo2MDAwMDAwMDAwMDB9fQ==",
          "dependencies": [
            "aws_eip.eip2",
            "aws_subnet.pub2",
            "aws_vpc.vpc"
          ]
        }
      ]
    },
    {
      "mode": "managed",
      "type": "aws_route_table",
      "name": "rt1",
      "provider": "provider[\"registry.terraform.io/hashicorp/aws\"]",
      "instances": [
        {
          "schema_version": 0,
          "attributes": {
            "arn": "arn:aws:ec2:us-east-1:160071257600:route-table/rtb-049859e3945d7a6a2",
            "id": "rtb-049859e3945d7a6a2",
            "owner_id": "160071257600",
            "propagating_vgws": [],
            "route": [
              {
                "carrier_gateway_id": "",
                "cidr_block": "0.0.0.0/0",
                "core_network_arn": "",
                "destination_prefix_list_id": "",
                "egress_only_gateway_id": "",
                "gateway_id": "igw-04f1fde31b543e77c",
                "ipv6_cidr_block": "",
                "local_gateway_id": "",
                "nat_gateway_id": "",
                "network_interface_id": "",
                "transit_gateway_id": "",
                "vpc_endpoint_id": "",
                "vpc_peering_connection_id": ""
              }
            ],
            "tags": {
              "Name": "VPC-A-Public-RT"
            },
            "tags_all": {
              "Name": "VPC-A-Public-RT"
            },
            "timeouts": null,
            "vpc_id": "vpc-0a31f5e70b944f691"
          },
          "sensitive_attributes": [],
          "private": "eyJlMmJmYjczMC1lY2FhLTExZTYtOGY4OC0zNDM2M2JjN2M0YzAiOnsiY3JlYXRlIjozMDAwMDAwMDAwMDAsImRlbGV0ZSI6MzAwMDAwMDAwMDAwLCJ1cGRhdGUiOjEyMDAwMDAwMDAwMH19",
          "dependencies": [
            "aws_internet_gateway.igw",
            "aws_vpc.vpc"
          ]
        }
      ]
    },
    {
      "mode": "managed",
      "type": "aws_route_table",
      "name": "rt2private",
      "provider": "provider[\"registry.terraform.io/hashicorp/aws\"]",
      "instances": [
        {
          "schema_version": 0,
          "attributes": {
            "arn": "arn:aws:ec2:us-east-1:160071257600:route-table/rtb-0817107c01f065f56",
            "id": "rtb-0817107c01f065f56",
            "owner_id": "160071257600",
            "propagating_vgws": [],
            "route": [
              {
                "carrier_gateway_id": "",
                "cidr_block": "0.0.0.0/0",
                "core_network_arn": "",
                "destination_prefix_list_id": "",
                "egress_only_gateway_id": "",
                "gateway_id": "nat-097f4a9920e79d607",
                "ipv6_cidr_block": "",
                "local_gateway_id": "",
                "nat_gateway_id": "",
                "network_interface_id": "",
                "transit_gateway_id": "",
                "vpc_endpoint_id": "",
                "vpc_peering_connection_id": ""
              }
            ],
            "tags": {
              "Name": "VPC-A-Private-RT-New"
            },
            "tags_all": {
              "Name": "VPC-A-Private-RT-New"
            },
            "timeouts": null,
            "vpc_id": "vpc-0a31f5e70b944f691"
          },
          "sensitive_attributes": [],
          "private": "eyJlMmJmYjczMC1lY2FhLTExZTYtOGY4OC0zNDM2M2JjN2M0YzAiOnsiY3JlYXRlIjozMDAwMDAwMDAwMDAsImRlbGV0ZSI6MzAwMDAwMDAwMDAwLCJ1cGRhdGUiOjEyMDAwMDAwMDAwMH19",
          "dependencies": [
            "aws_eip.eip",
            "aws_nat_gateway.ngw",
            "aws_subnet.pub",
            "aws_vpc.vpc"
          ]
        }
      ]
    },
    {
      "mode": "managed",
      "type": "aws_route_table",
      "name": "rt2private2",
      "provider": "provider[\"registry.terraform.io/hashicorp/aws\"]",
      "instances": [
        {
          "schema_version": 0,
          "attributes": {
            "arn": "arn:aws:ec2:us-east-1:160071257600:route-table/rtb-0646075c5d0130711",
            "id": "rtb-0646075c5d0130711",
            "owner_id": "160071257600",
            "propagating_vgws": [],
            "route": [
              {
                "carrier_gateway_id": "",
                "cidr_block": "0.0.0.0/0",
                "core_network_arn": "",
                "destination_prefix_list_id": "",
                "egress_only_gateway_id": "",
                "gateway_id": "nat-0539314a1a1ad5400",
                "ipv6_cidr_block": "",
                "local_gateway_id": "",
                "nat_gateway_id": "",
                "network_interface_id": "",
                "transit_gateway_id": "",
                "vpc_endpoint_id": "",
                "vpc_peering_connection_id": ""
              }
            ],
            "tags": {
              "Name": "VPC-A-Private-RT-New2"
            },
            "tags_all": {
              "Name": "VPC-A-Private-RT-New2"
            },
            "timeouts": null,
            "vpc_id": "vpc-0a31f5e70b944f691"
          },
          "sensitive_attributes": [],
          "private": "eyJlMmJmYjczMC1lY2FhLTExZTYtOGY4OC0zNDM2M2JjN2M0YzAiOnsiY3JlYXRlIjozMDAwMDAwMDAwMDAsImRlbGV0ZSI6MzAwMDAwMDAwMDAwLCJ1cGRhdGUiOjEyMDAwMDAwMDAwMH19",
          "dependencies": [
            "aws_eip.eip2",
            "aws_nat_gateway.ngw2",
            "aws_subnet.pub2",
            "aws_vpc.vpc"
          ]
        }
      ]
    },
    {
      "mode": "managed",
      "type": "aws_route_table_association",
      "name": "a",
      "provider": "provider[\"registry.terraform.io/hashicorp/aws\"]",
      "instances": [
        {
          "schema_version": 0,
          "attributes": {
            "gateway_id": "",
            "id": "rtbassoc-0395632e74643332d",
            "route_table_id": "rtb-049859e3945d7a6a2",
            "subnet_id": "subnet-05ce818d2b90b29fc",
            "timeouts": null
          },
          "sensitive_attributes": [],
          "private": "eyJlMmJmYjczMC1lY2FhLTExZTYtOGY4OC0zNDM2M2JjN2M0YzAiOnsiY3JlYXRlIjozMDAwMDAwMDAwMDAsImRlbGV0ZSI6MzAwMDAwMDAwMDAwLCJ1cGRhdGUiOjEyMDAwMDAwMDAwMH19",
          "dependencies": [
            "aws_internet_gateway.igw",
            "aws_route_table.rt1",
            "aws_subnet.pub",
            "aws_vpc.vpc"
          ]
        }
      ]
    },
    {
      "mode": "managed",
      "type": "aws_route_table_association",
      "name": "a1",
      "provider": "provider[\"registry.terraform.io/hashicorp/aws\"]",
      "instances": [
        {
          "schema_version": 0,
          "attributes": {
            "gateway_id": "",
            "id": "rtbassoc-0567b7985f6bb3b2c",
            "route_table_id": "rtb-049859e3945d7a6a2",
            "subnet_id": "subnet-0b104ae438dc276f5",
            "timeouts": null
          },
          "sensitive_attributes": [],
          "private": "eyJlMmJmYjczMC1lY2FhLTExZTYtOGY4OC0zNDM2M2JjN2M0YzAiOnsiY3JlYXRlIjozMDAwMDAwMDAwMDAsImRlbGV0ZSI6MzAwMDAwMDAwMDAwLCJ1cGRhdGUiOjEyMDAwMDAwMDAwMH19",
          "dependencies": [
            "aws_internet_gateway.igw",
            "aws_route_table.rt1",
            "aws_subnet.pub2",
            "aws_vpc.vpc"
          ]
        }
      ]
    },
    {
      "mode": "managed",
      "type": "aws_route_table_association",
      "name": "a1p",
      "provider": "provider[\"registry.terraform.io/hashicorp/aws\"]",
      "instances": [
        {
          "schema_version": 0,
          "attributes": {
            "gateway_id": "",
            "id": "rtbassoc-0f471acff6baaf9a6",
            "route_table_id": "rtb-0817107c01f065f56",
            "subnet_id": "subnet-090c84bac8e7c060a",
            "timeouts": null
          },
          "sensitive_attributes": [],
          "private": "eyJlMmJmYjczMC1lY2FhLTExZTYtOGY4OC0zNDM2M2JjN2M0YzAiOnsiY3JlYXRlIjozMDAwMDAwMDAwMDAsImRlbGV0ZSI6MzAwMDAwMDAwMDAwLCJ1cGRhdGUiOjEyMDAwMDAwMDAwMH19",
          "dependencies": [
            "aws_eip.eip",
            "aws_nat_gateway.ngw",
            "aws_route_table.rt2private",
            "aws_subnet.private",
            "aws_subnet.pub",
            "aws_vpc.vpc"
          ]
        }
      ]
    },
    {
      "mode": "managed",
      "type": "aws_route_table_association",
      "name": "a1p2",
      "provider": "provider[\"registry.terraform.io/hashicorp/aws\"]",
      "instances": [
        {
          "schema_version": 0,
          "attributes": {
            "gateway_id": "",
            "id": "rtbassoc-0c82cc4518ded82ab",
            "route_table_id": "rtb-0646075c5d0130711",
            "subnet_id": "subnet-0c8ef6016bf7f363f",
            "timeouts": null
          },
          "sensitive_attributes": [],
          "private": "eyJlMmJmYjczMC1lY2FhLTExZTYtOGY4OC0zNDM2M2JjN2M0YzAiOnsiY3JlYXRlIjozMDAwMDAwMDAwMDAsImRlbGV0ZSI6MzAwMDAwMDAwMDAwLCJ1cGRhdGUiOjEyMDAwMDAwMDAwMH19",
          "dependencies": [
            "aws_eip.eip2",
            "aws_nat_gateway.ngw2",
            "aws_route_table.rt2private2",
            "aws_subnet.private2",
            "aws_subnet.pub2",
            "aws_vpc.vpc"
          ]
        }
      ]
    },
    {
      "mode": "managed",
      "type": "aws_route_table_association",
      "name": "a1p3",
      "provider": "provider[\"registry.terraform.io/hashicorp/aws\"]",
      "instances": [
        {
          "schema_version": 0,
          "attributes": {
            "gateway_id": "",
            "id": "rtbassoc-09aedc59b40fa470a",
            "route_table_id": "rtb-0817107c01f065f56",
            "subnet_id": "subnet-0a6ff0a2b9b8f8ee6",
            "timeouts": null
          },
          "sensitive_attributes": [],
          "private": "eyJlMmJmYjczMC1lY2FhLTExZTYtOGY4OC0zNDM2M2JjN2M0YzAiOnsiY3JlYXRlIjozMDAwMDAwMDAwMDAsImRlbGV0ZSI6MzAwMDAwMDAwMDAwLCJ1cGRhdGUiOjEyMDAwMDAwMDAwMH19",
          "dependencies": [
            "aws_eip.eip",
            "aws_nat_gateway.ngw",
            "aws_route_table.rt2private",
            "aws_subnet.private3",
            "aws_subnet.pub",
            "aws_vpc.vpc"
          ]
        }
      ]
    },
    {
      "mode": "managed",
      "type": "aws_route_table_association",
      "name": "a1p4",
      "provider": "provider[\"registry.terraform.io/hashicorp/aws\"]",
      "instances": [
        {
          "schema_version": 0,
          "attributes": {
            "gateway_id": "",
            "id": "rtbassoc-018008a4f3b1edd5d",
            "route_table_id": "rtb-0646075c5d0130711",
            "subnet_id": "subnet-065b17253670f596d",
            "timeouts": null
          },
          "sensitive_attributes": [],
          "private": "eyJlMmJmYjczMC1lY2FhLTExZTYtOGY4OC0zNDM2M2JjN2M0YzAiOnsiY3JlYXRlIjozMDAwMDAwMDAwMDAsImRlbGV0ZSI6MzAwMDAwMDAwMDAwLCJ1cGRhdGUiOjEyMDAwMDAwMDAwMH19",
          "dependencies": [
            "aws_eip.eip2",
            "aws_nat_gateway.ngw2",
            "aws_route_table.rt2private2",
            "aws_subnet.private4",
            "aws_subnet.pub2",
            "aws_vpc.vpc"
          ]
        }
      ]
    },
    {
      "mode": "managed",
      "type": "aws_secretsmanager_secret",
      "name": "key_pair_secret_new",
      "provider": "provider[\"registry.terraform.io/hashicorp/aws\"]",
      "instances": [
        {
          "schema_version": 0,
          "attributes": {
            "arn": "arn:aws:secretsmanager:us-east-1:160071257600:secret:key_pair_secret_new-9drJSO",
            "description": "",
            "force_overwrite_replica_secret": false,
            "id": "arn:aws:secretsmanager:us-east-1:160071257600:secret:key_pair_secret_new-9drJSO",
            "kms_key_id": "",
            "name": "key_pair_secret_new",
            "name_prefix": "",
            "policy": "",
            "recovery_window_in_days": 30,
            "replica": [],
            "tags": {},
            "tags_all": {}
          },
          "sensitive_attributes": [],
          "private": "bnVsbA=="
        }
      ]
    },
    {
      "mode": "managed",
      "type": "aws_secretsmanager_secret",
      "name": "rds-master-creds",
      "provider": "provider[\"registry.terraform.io/hashicorp/aws\"]",
      "instances": [
        {
          "schema_version": 0,
          "attributes": {
            "arn": "arn:aws:secretsmanager:us-east-1:160071257600:secret:rds-master-creds-XbA3lQ",
            "description": "",
            "force_overwrite_replica_secret": false,
            "id": "arn:aws:secretsmanager:us-east-1:160071257600:secret:rds-master-creds-XbA3lQ",
            "kms_key_id": "",
            "name": "rds-master-creds",
            "name_prefix": "",
            "policy": "",
            "recovery_window_in_days": 30,
            "replica": [],
            "tags": {},
            "tags_all": {}
          },
          "sensitive_attributes": [],
          "private": "bnVsbA=="
        }
      ]
    },
    {
      "mode": "managed",
      "type": "aws_secretsmanager_secret_version",
      "name": "instance_key_version",
      "provider": "provider[\"registry.terraform.io/hashicorp/aws\"]",
      "instances": [
        {
          "schema_version": 0,
          "attributes": {
            "arn": "arn:aws:secretsmanager:us-east-1:160071257600:secret:key_pair_secret_new-9drJSO",
            "id": "arn:aws:secretsmanager:us-east-1:160071257600:secret:key_pair_secret_new-9drJSO|terraform-20240708061132696300000004",
            "secret_binary": "",
            "secret_id": "arn:aws:secretsmanager:us-east-1:160071257600:secret:key_pair_secret_new-9drJSO",
            "secret_string": "-----BEGIN RSA PRIVATE KEY-----\nMIIJKAIBAAKCAgEAzGRDLJWYEFbhZqD6RBIH+wMLfWwVLv2i43tAOidZEb4Zbj0P\nAxFvzUATKopXGcq6kT9FoBwcAOx6ke+wwLW84Mw/sdZ4iAUqUMiRjsxoNPRHveCT\nLqIj9IlRlrTye0z7b/IM3NiETKR8e60WMwrPeNqrXKiAdfiOEW/4GHKsKJtRj1IU\nuIxnhGvypWJ2aG/Qa5OrMGV94Ypx7K/zODCXkhx4fbnH0IMdkS3MOmUHxhBaupb/\nB0hPdvWoT9dC5sbMdYIiDNMy2FuzK3vyk6BmvoloLHIAONNX4arg21UxvURxMLdS\nB8IDpUhezAg4reFvz7QKIQFxEpKv53n0IOSIWbOgpLfrFnJkmr9kufqJnCGDkNWW\ncKcUgfzS+9kilE08E4+HzsN2y9FWXbscvTDUL18J/80Ow3mCN/HTQQxjYhm2g73Q\new2vPok2LWmtQ/B6KyW915tW0I504YcQIp385AlVuR/eLLvGqRRQHCpyhaP1dkct\nMfFp/Q8fVHGzd62G1868p/gzH8YBAPgruH7QCHEL7GGW7lfWSBdUPhXRHY88ng0Z\np6hti9owIXFhLpEBZ3nFiwX3c2R2tXL2SNmxp3KYiBk2bFKco/kvZm4pL9LFnJ9o\nuO8VAtFK9DTmZ0i0ttxGt7/WSgmxc7juMOFKBXv8h7+IgREX1SC7bczVQqkCAwEA\nAQKCAgEArsxQZqDJG7AxtIOXhP+ms5U3DlyRAU8JL2MI2rMsCXB6bzzoycbvxqk1\nuvv04anvRKjH8tYXXPLhIE3M7AKBNf93ua+iBTHlrpDZazaFKESB1nFpbkhcV5XY\noPq/JZQAtQxc08KX4rQJgfvVMHHeXY0lYGj68+lOFrubgc0QTuoGJnwcHHh3T1jC\ne45plYeKx3XSweEKdwjfxXv0lel4twyCP4PSzxBTCQYR0x70Nv9lmI3qLWA6FZKi\nDyYZoSQDV7ujQzScF0zVPisSmg5j0C/TV69nYTHdxrFM/Ecv8p3F79PX46qZU5FB\nAV1Gm+5goVFoGDITcb7hkSVLE5ZexE9KMBsuqULOlsFYF8uFXuqzjc/V3eWIm+jb\ny+3WtC7vHnY+UdEXbVSxS9AF1GyPU9kWspJKtBCU4lLaALjmCpOjAttExorpZjXi\nt9KeO5H0kj75ZtbWl3IBgbXSoPLEbBkyttX4fOkFhZa1u6+hbZvhpbDfQp9EjaD8\n/Oa+n6Sh1fxRKqDqJaaHWP8KrH6doON1XASkpBiEZhVNXM9oRhRqKP9huSoM551Y\nEATzvJxVUqmpEOFqGfX+9zcWQVfy9gDTasVPfZtnxjCGXutkRQS/Z2mpULPeDBZL\nh3KMp9zvxe6poWML97dCLCSfBQH3+zz/enSG+q7CDzo0Bij/j8ECggEBANAhjXDM\nP9umhwsEpmp77+6BVn2U069F67ktYayrOB2ItiWPVjwyDytQx7lAW1jA/j91+bvI\nUHMumhnWij8lrbIMXIHzfY9syN01EgG5K87wecd4f/dUARwmcajjQpL2uDds+2de\nbFobtB9Fwjr18f4tH0CvYZUhEMI0ZfTamY6qFKSpQ+Y5pQX+MlMxzuxjps4HnG3i\nDgZrqd8IOw0vALTFNRiasBoBc8o0a/h88bprZQ39TxJ0cvoLDMDN/R1nikOsDjqS\ng1zjsaG5h6HfoKJA/Foc6fc2Oh/TAiIIDsgfVc0T+trtoA5sWJw3JbSJaR9U6YCg\nfRGm5VfXg5h+IQMCggEBAPtmieqIkKT1EA0G4HaPtTAS/1pBRsEc/tXYXwH+n1JA\npA7asLrSJ4JwInYfveoJGt5XreRFLYwFxds4L17unbSzxSsFGlx/LycajKfxsN4o\nQfpRJ6A4+HpzU1VGtvKEiDRH0Xxbat7qiwIR8NJXPtBRk9EMFcsdYaRYonebFfBg\nZ4e7Xt88K/drYx0/3twddP+CAz7BxYK08m/lLad8hkAL/m8ApTbYLAojZ0o/zM5R\nrx09jYiw/X33G9e7cN5TQiUDzwqWcy2H+cIG7+QGGrtG9sGaLRvCIwAkIgXqIxwi\n7CNezhVMzsyZf35MmEnHa4WH3gbGLt6knRMysZS0/+MCggEAARH7GTZjqax8i0j1\n1hxXCoHtwO2P/Rm98ZDTLMEgo749OYo4Jk0XmOBsdn5nOdicNhVUOGv6Re1aa4GX\n6mU2NHEt1Jk87wzfJ4wLUKj0GbdQ2P68obfz3YIxGW45vGm6XsaXsFti8T+tOG/y\nZL05BlaTD5EXTl4CKQ197LlnCr3DJ2mbaMapG5PIDHd4Ge0VQX/2hPYhnlTVZck0\nDIhOV5+f+0VoXGnff42vdHKoB45f0aeYzX59zN1brm4gvBL5OgnbdN+l/0dIdY1v\nrhxpRgxRf+EgLt4/hERggW5LLSpEFa7hnliUdx6FgiAieIAwYzHblYa9veZ+zWnV\nSmZzowKCAQBTqNbCbnm7+zVBMIWnzsDb46aIMWrLPsvq+9r5/fKk24/8xXfEY8T0\nGj7NkliPtkHztbfPW9oBW7Zw8iyJadyfUqeNXmBcYZKeb65ZAQv7kegK1dDa97pw\nfUpA+YxN/h6ZT0D+IinZTrG9mZzLUm87wbnv+haShg+FMl22cayGVn59Y7P5k7uJ\n1XmhNS0DkOXrVSehTbhde7ul0t0zfDPswlEEPXG9Y4icQxXPVpXgHryofWBJGaTx\nszbXvq+bvJcpXDAc9N4VS8eocsiH2CQzKDVbTeQu9ZbSKDQORdEzPsfYKWdpHStA\nWOBddj3DZ5J3WDRhirf0LVF8HwWLWARDAoIBABl1wHaBYPt6+LP4PZp9SfpEhPrJ\nZSj7jeQcNUle9EhjbjTl9gB2MsHwjS4fB6gC+4+NHikOcFVCDofu1IsCExmeuTOB\nMQZ8VPJOLlNGTjZyd/C8+nqR2iIYXEGdojA1wLk0kcR3SGCg4rJ5fsqYe/Cytg13\nRD/6KUrG02+7qI3Frf++jRNOK0bTy+AxpoP/TfZOrRGVjHiluLlq8oh92ZTe5CB2\nD8JALP9V/ckdRBSjfEZ2di+hyvMrJjfpsx23PahyRUTaMW2fsmZNOB2HkjDrLdxp\ndysLhVBiu8FS+YYAXfIHHCc/qVEhR7U/hIlO94LP1dZAqlFL2DPmNt3JxOQ=\n-----END RSA PRIVATE KEY-----\n",
            "version_id": "terraform-20240708061132696300000004",
            "version_stages": [
              "AWSCURRENT"
            ]
          },
          "sensitive_attributes": [
            [
              {
                "type": "get_attr",
                "value": "secret_string"
              }
            ]
          ],
          "private": "bnVsbA==",
          "dependencies": [
            "aws_secretsmanager_secret.key_pair_secret_new",
            "tls_private_key.ssh_key"
          ]
        }
      ]
    },
    {
      "mode": "managed",
      "type": "aws_secretsmanager_secret_version",
      "name": "rds-master-secret",
      "provider": "provider[\"registry.terraform.io/hashicorp/aws\"]",
      "instances": [
        {
          "schema_version": 0,
          "attributes": {
            "arn": "arn:aws:secretsmanager:us-east-1:160071257600:secret:rds-master-creds-XbA3lQ",
            "id": "arn:aws:secretsmanager:us-east-1:160071257600:secret:rds-master-creds-XbA3lQ|terraform-20240710130704328000000006",
            "secret_binary": "",
            "secret_id": "arn:aws:secretsmanager:us-east-1:160071257600:secret:rds-master-creds-XbA3lQ",
            "secret_string": "  {\r\n    \"host\": \"wordpress.clidb2xnr6qm.us-east-1.rds.amazonaws.com\",\r\n    \"port\": \"3306\",\r\n    \"username\": \"wordpress_aws\",\r\n    \"password\": \"YOocwvKsMw\",\r\n    \"dbname\": \"mydb\"\r\n  }\r\n",
            "version_id": "terraform-20240710130704328000000006",
            "version_stages": [
              "AWSCURRENT"
            ]
          },
          "sensitive_attributes": [
            [
              {
                "type": "get_attr",
                "value": "secret_string"
              }
            ]
          ],
          "private": "bnVsbA==",
          "dependencies": [
            "aws_db_instance.rds",
            "aws_db_subnet_group.rds_subnets",
            "aws_secretsmanager_secret.rds-master-creds",
            "aws_security_group.ALB_sg",
            "aws_security_group.db_sg",
            "aws_security_group.ec2_sg",
            "aws_security_group.webserver_sg",
            "aws_subnet.private3",
            "aws_subnet.private4",
            "aws_vpc.vpc",
            "random_password.master-password"
          ]
        }
      ]
    },
    {
      "mode": "managed",
      "type": "aws_security_group",
      "name": "ALB_sg",
      "provider": "provider[\"registry.terraform.io/hashicorp/aws\"]",
      "instances": [
        {
          "schema_version": 1,
          "attributes": {
            "arn": "arn:aws:ec2:us-east-1:160071257600:security-group/sg-0c5c477834eba000f",
            "description": "Managed by Terraform",
            "egress": [
              {
                "cidr_blocks": [
                  "0.0.0.0/0"
                ],
                "description": "",
                "from_port": 0,
                "ipv6_cidr_blocks": [],
                "prefix_list_ids": [],
                "protocol": "-1",
                "security_groups": [],
                "self": false,
                "to_port": 0
              }
            ],
            "id": "sg-0c5c477834eba000f",
            "ingress": [
              {
                "cidr_blocks": [
                  "0.0.0.0/0"
                ],
                "description": "",
                "from_port": 443,
                "ipv6_cidr_blocks": [],
                "prefix_list_ids": [],
                "protocol": "tcp",
                "security_groups": [],
                "self": false,
                "to_port": 443
              },
              {
                "cidr_blocks": [
                  "0.0.0.0/0"
                ],
                "description": "",
                "from_port": 80,
                "ipv6_cidr_blocks": [],
                "prefix_list_ids": [],
                "protocol": "tcp",
                "security_groups": [],
                "self": false,
                "to_port": 80
              }
            ],
            "name": "terraform-20240708061130387200000003",
            "name_prefix": "terraform-",
            "owner_id": "160071257600",
            "revoke_rules_on_delete": false,
            "tags": {
              "Name": "ALB-SG"
            },
            "tags_all": {
              "Name": "ALB-SG"
            },
            "timeouts": null,
            "vpc_id": "vpc-0a31f5e70b944f691"
          },
          "sensitive_attributes": [],
          "private": "eyJlMmJmYjczMC1lY2FhLTExZTYtOGY4OC0zNDM2M2JjN2M0YzAiOnsiY3JlYXRlIjo2MDAwMDAwMDAwMDAsImRlbGV0ZSI6OTAwMDAwMDAwMDAwfSwic2NoZW1hX3ZlcnNpb24iOiIxIn0=",
          "dependencies": [
            "aws_vpc.vpc"
          ]
        }
      ]
    },
    {
      "mode": "managed",
      "type": "aws_security_group",
      "name": "EFS_sg",
      "provider": "provider[\"registry.terraform.io/hashicorp/aws\"]",
      "instances": [
        {
          "schema_version": 1,
          "attributes": {
            "arn": "arn:aws:ec2:us-east-1:160071257600:security-group/sg-0a7d93c9facfa882e",
            "description": "Managed by Terraform",
            "egress": [
              {
                "cidr_blocks": [
                  "0.0.0.0/0"
                ],
                "description": "",
                "from_port": 0,
                "ipv6_cidr_blocks": [],
                "prefix_list_ids": [],
                "protocol": "-1",
                "security_groups": [],
                "self": false,
                "to_port": 0
              }
            ],
            "id": "sg-0a7d93c9facfa882e",
            "ingress": [
              {
                "cidr_blocks": [],
                "description": "",
                "from_port": 2049,
                "ipv6_cidr_blocks": [],
                "prefix_list_ids": [],
                "protocol": "tcp",
                "security_groups": [
                  "sg-0d11653e55fb79c24"
                ],
                "self": false,
                "to_port": 2049
              },
              {
                "cidr_blocks": [],
                "description": "",
                "from_port": 22,
                "ipv6_cidr_blocks": [],
                "prefix_list_ids": [],
                "protocol": "tcp",
                "security_groups": [
                  "sg-057f4b3df7229d0ae"
                ],
                "self": false,
                "to_port": 22
              }
            ],
            "name": "terraform-20240708061139598500000007",
            "name_prefix": "terraform-",
            "owner_id": "160071257600",
            "revoke_rules_on_delete": false,
            "tags": {
              "Name": "EFS-sg"
            },
            "tags_all": {
              "Name": "EFS-sg"
            },
            "timeouts": null,
            "vpc_id": "vpc-0a31f5e70b944f691"
          },
          "sensitive_attributes": [],
          "private": "eyJlMmJmYjczMC1lY2FhLTExZTYtOGY4OC0zNDM2M2JjN2M0YzAiOnsiY3JlYXRlIjo2MDAwMDAwMDAwMDAsImRlbGV0ZSI6OTAwMDAwMDAwMDAwfSwic2NoZW1hX3ZlcnNpb24iOiIxIn0=",
          "dependencies": [
            "aws_security_group.ALB_sg",
            "aws_security_group.ec2_sg",
            "aws_security_group.webserver_sg",
            "aws_vpc.vpc"
          ]
        }
      ]
    },
    {
      "mode": "managed",
      "type": "aws_security_group",
      "name": "db_sg",
      "provider": "provider[\"registry.terraform.io/hashicorp/aws\"]",
      "instances": [
        {
          "schema_version": 1,
          "attributes": {
            "arn": "arn:aws:ec2:us-east-1:160071257600:security-group/sg-0423197bb698bdc89",
            "description": "Managed by Terraform",
            "egress": [
              {
                "cidr_blocks": [
                  "0.0.0.0/0"
                ],
                "description": "",
                "from_port": 0,
                "ipv6_cidr_blocks": [],
                "prefix_list_ids": [],
                "protocol": "-1",
                "security_groups": [],
                "self": false,
                "to_port": 0
              }
            ],
            "id": "sg-0423197bb698bdc89",
            "ingress": [
              {
                "cidr_blocks": [],
                "description": "",
                "from_port": 3306,
                "ipv6_cidr_blocks": [],
                "prefix_list_ids": [],
                "protocol": "tcp",
                "security_groups": [
                  "sg-0d11653e55fb79c24"
                ],
                "self": false,
                "to_port": 3306
              }
            ],
            "name": "terraform-20240708061139589300000006",
            "name_prefix": "terraform-",
            "owner_id": "160071257600",
            "revoke_rules_on_delete": false,
            "tags": {
              "Name": "db-sg"
            },
            "tags_all": {
              "Name": "db-sg"
            },
            "timeouts": null,
            "vpc_id": "vpc-0a31f5e70b944f691"
          },
          "sensitive_attributes": [],
          "private": "eyJlMmJmYjczMC1lY2FhLTExZTYtOGY4OC0zNDM2M2JjN2M0YzAiOnsiY3JlYXRlIjo2MDAwMDAwMDAwMDAsImRlbGV0ZSI6OTAwMDAwMDAwMDAwfSwic2NoZW1hX3ZlcnNpb24iOiIxIn0=",
          "dependencies": [
            "aws_security_group.ALB_sg",
            "aws_security_group.ec2_sg",
            "aws_security_group.webserver_sg",
            "aws_vpc.vpc"
          ]
        }
      ]
    },
    {
      "mode": "managed",
      "type": "aws_security_group",
      "name": "ec2_sg",
      "provider": "provider[\"registry.terraform.io/hashicorp/aws\"]",
      "instances": [
        {
          "schema_version": 1,
          "attributes": {
            "arn": "arn:aws:ec2:us-east-1:160071257600:security-group/sg-057f4b3df7229d0ae",
            "description": "Managed by Terraform",
            "egress": [
              {
                "cidr_blocks": [
                  "0.0.0.0/0"
                ],
                "description": "",
                "from_port": 0,
                "ipv6_cidr_blocks": [],
                "prefix_list_ids": [],
                "protocol": "-1",
                "security_groups": [],
                "self": false,
                "to_port": 0
              }
            ],
            "id": "sg-057f4b3df7229d0ae",
            "ingress": [
              {
                "cidr_blocks": [
                  "0.0.0.0/0"
                ],
                "description": "",
                "from_port": 22,
                "ipv6_cidr_blocks": [],
                "prefix_list_ids": [],
                "protocol": "tcp",
                "security_groups": [],
                "self": false,
                "to_port": 22
              },
              {
                "cidr_blocks": [
                  "0.0.0.0/0"
                ],
                "description": "",
                "from_port": 80,
                "ipv6_cidr_blocks": [],
                "prefix_list_ids": [],
                "protocol": "tcp",
                "security_groups": [],
                "self": false,
                "to_port": 80
              }
            ],
            "name": "terraform-20240708061130386400000002",
            "name_prefix": "terraform-",
            "owner_id": "160071257600",
            "revoke_rules_on_delete": false,
            "tags": {
              "Name": "ec2-sg"
            },
            "tags_all": {
              "Name": "ec2-sg"
            },
            "timeouts": null,
            "vpc_id": "vpc-0a31f5e70b944f691"
          },
          "sensitive_attributes": [],
          "private": "eyJlMmJmYjczMC1lY2FhLTExZTYtOGY4OC0zNDM2M2JjN2M0YzAiOnsiY3JlYXRlIjo2MDAwMDAwMDAwMDAsImRlbGV0ZSI6OTAwMDAwMDAwMDAwfSwic2NoZW1hX3ZlcnNpb24iOiIxIn0=",
          "dependencies": [
            "aws_vpc.vpc"
          ]
        }
      ]
    },
    {
      "mode": "managed",
      "type": "aws_security_group",
      "name": "webserver_sg",
      "provider": "provider[\"registry.terraform.io/hashicorp/aws\"]",
      "instances": [
        {
          "schema_version": 1,
          "attributes": {
            "arn": "arn:aws:ec2:us-east-1:160071257600:security-group/sg-0d11653e55fb79c24",
            "description": "Managed by Terraform",
            "egress": [
              {
                "cidr_blocks": [
                  "0.0.0.0/0"
                ],
                "description": "",
                "from_port": 0,
                "ipv6_cidr_blocks": [],
                "prefix_list_ids": [],
                "protocol": "-1",
                "security_groups": [],
                "self": false,
                "to_port": 0
              }
            ],
            "id": "sg-0d11653e55fb79c24",
            "ingress": [
              {
                "cidr_blocks": [],
                "description": "",
                "from_port": 22,
                "ipv6_cidr_blocks": [],
                "prefix_list_ids": [],
                "protocol": "tcp",
                "security_groups": [
                  "sg-057f4b3df7229d0ae"
                ],
                "self": false,
                "to_port": 22
              },
              {
                "cidr_blocks": [],
                "description": "",
                "from_port": 443,
                "ipv6_cidr_blocks": [],
                "prefix_list_ids": [],
                "protocol": "tcp",
                "security_groups": [
                  "sg-0c5c477834eba000f"
                ],
                "self": false,
                "to_port": 443
              },
              {
                "cidr_blocks": [],
                "description": "",
                "from_port": 80,
                "ipv6_cidr_blocks": [],
                "prefix_list_ids": [],
                "protocol": "tcp",
                "security_groups": [
                  "sg-0c5c477834eba000f"
                ],
                "self": false,
                "to_port": 80
              }
            ],
            "name": "terraform-20240708061135462600000005",
            "name_prefix": "terraform-",
            "owner_id": "160071257600",
            "revoke_rules_on_delete": false,
            "tags": {
              "Name": "webserver-sg"
            },
            "tags_all": {
              "Name": "webserver-sg"
            },
            "timeouts": null,
            "vpc_id": "vpc-0a31f5e70b944f691"
          },
          "sensitive_attributes": [],
          "private": "eyJlMmJmYjczMC1lY2FhLTExZTYtOGY4OC0zNDM2M2JjN2M0YzAiOnsiY3JlYXRlIjo2MDAwMDAwMDAwMDAsImRlbGV0ZSI6OTAwMDAwMDAwMDAwfSwic2NoZW1hX3ZlcnNpb24iOiIxIn0=",
          "dependencies": [
            "aws_security_group.ALB_sg",
            "aws_security_group.ec2_sg",
            "aws_vpc.vpc"
          ]
        }
      ]
    },
    {
      "mode": "managed",
      "type": "aws_subnet",
      "name": "private",
      "provider": "provider[\"registry.terraform.io/hashicorp/aws\"]",
      "instances": [
        {
          "schema_version": 1,
          "attributes": {
            "arn": "arn:aws:ec2:us-east-1:160071257600:subnet/subnet-090c84bac8e7c060a",
            "assign_ipv6_address_on_creation": false,
            "availability_zone": "us-east-1a",
            "availability_zone_id": "use1-az4",
            "cidr_block": "10.0.2.0/24",
            "customer_owned_ipv4_pool": "",
            "enable_dns64": false,
            "enable_lni_at_device_index": 0,
            "enable_resource_name_dns_a_record_on_launch": false,
            "enable_resource_name_dns_aaaa_record_on_launch": false,
            "id": "subnet-090c84bac8e7c060a",
            "ipv6_cidr_block": "",
            "ipv6_cidr_block_association_id": "",
            "ipv6_native": false,
            "map_customer_owned_ip_on_launch": false,
            "map_public_ip_on_launch": false,
            "outpost_arn": "",
            "owner_id": "160071257600",
            "private_dns_hostname_type_on_launch": "ip-name",
            "tags": {
              "Name": "VPC-A-Private"
            },
            "tags_all": {
              "Name": "VPC-A-Private"
            },
            "timeouts": null,
            "vpc_id": "vpc-0a31f5e70b944f691"
          },
          "sensitive_attributes": [],
          "private": "eyJlMmJmYjczMC1lY2FhLTExZTYtOGY4OC0zNDM2M2JjN2M0YzAiOnsiY3JlYXRlIjo2MDAwMDAwMDAwMDAsImRlbGV0ZSI6MTIwMDAwMDAwMDAwMH0sInNjaGVtYV92ZXJzaW9uIjoiMSJ9",
          "dependencies": [
            "aws_vpc.vpc"
          ]
        }
      ]
    },
    {
      "mode": "managed",
      "type": "aws_subnet",
      "name": "private2",
      "provider": "provider[\"registry.terraform.io/hashicorp/aws\"]",
      "instances": [
        {
          "schema_version": 1,
          "attributes": {
            "arn": "arn:aws:ec2:us-east-1:160071257600:subnet/subnet-0c8ef6016bf7f363f",
            "assign_ipv6_address_on_creation": false,
            "availability_zone": "us-east-1b",
            "availability_zone_id": "use1-az6",
            "cidr_block": "10.0.3.0/24",
            "customer_owned_ipv4_pool": "",
            "enable_dns64": false,
            "enable_lni_at_device_index": 0,
            "enable_resource_name_dns_a_record_on_launch": false,
            "enable_resource_name_dns_aaaa_record_on_launch": false,
            "id": "subnet-0c8ef6016bf7f363f",
            "ipv6_cidr_block": "",
            "ipv6_cidr_block_association_id": "",
            "ipv6_native": false,
            "map_customer_owned_ip_on_launch": false,
            "map_public_ip_on_launch": false,
            "outpost_arn": "",
            "owner_id": "160071257600",
            "private_dns_hostname_type_on_launch": "ip-name",
            "tags": {
              "Name": "VPC-A-Private2"
            },
            "tags_all": {
              "Name": "VPC-A-Private2"
            },
            "timeouts": null,
            "vpc_id": "vpc-0a31f5e70b944f691"
          },
          "sensitive_attributes": [],
          "private": "eyJlMmJmYjczMC1lY2FhLTExZTYtOGY4OC0zNDM2M2JjN2M0YzAiOnsiY3JlYXRlIjo2MDAwMDAwMDAwMDAsImRlbGV0ZSI6MTIwMDAwMDAwMDAwMH0sInNjaGVtYV92ZXJzaW9uIjoiMSJ9",
          "dependencies": [
            "aws_vpc.vpc"
          ]
        }
      ]
    },
    {
      "mode": "managed",
      "type": "aws_subnet",
      "name": "private3",
      "provider": "provider[\"registry.terraform.io/hashicorp/aws\"]",
      "instances": [
        {
          "schema_version": 1,
          "attributes": {
            "arn": "arn:aws:ec2:us-east-1:160071257600:subnet/subnet-0a6ff0a2b9b8f8ee6",
            "assign_ipv6_address_on_creation": false,
            "availability_zone": "us-east-1a",
            "availability_zone_id": "use1-az4",
            "cidr_block": "10.0.4.0/24",
            "customer_owned_ipv4_pool": "",
            "enable_dns64": false,
            "enable_lni_at_device_index": 0,
            "enable_resource_name_dns_a_record_on_launch": false,
            "enable_resource_name_dns_aaaa_record_on_launch": false,
            "id": "subnet-0a6ff0a2b9b8f8ee6",
            "ipv6_cidr_block": "",
            "ipv6_cidr_block_association_id": "",
            "ipv6_native": false,
            "map_customer_owned_ip_on_launch": false,
            "map_public_ip_on_launch": false,
            "outpost_arn": "",
            "owner_id": "160071257600",
            "private_dns_hostname_type_on_launch": "ip-name",
            "tags": {
              "Name": "VPC-A-Private3"
            },
            "tags_all": {
              "Name": "VPC-A-Private3"
            },
            "timeouts": null,
            "vpc_id": "vpc-0a31f5e70b944f691"
          },
          "sensitive_attributes": [],
          "private": "eyJlMmJmYjczMC1lY2FhLTExZTYtOGY4OC0zNDM2M2JjN2M0YzAiOnsiY3JlYXRlIjo2MDAwMDAwMDAwMDAsImRlbGV0ZSI6MTIwMDAwMDAwMDAwMH0sInNjaGVtYV92ZXJzaW9uIjoiMSJ9",
          "dependencies": [
            "aws_vpc.vpc"
          ]
        }
      ]
    },
    {
      "mode": "managed",
      "type": "aws_subnet",
      "name": "private4",
      "provider": "provider[\"registry.terraform.io/hashicorp/aws\"]",
      "instances": [
        {
          "schema_version": 1,
          "attributes": {
            "arn": "arn:aws:ec2:us-east-1:160071257600:subnet/subnet-065b17253670f596d",
            "assign_ipv6_address_on_creation": false,
            "availability_zone": "us-east-1b",
            "availability_zone_id": "use1-az6",
            "cidr_block": "10.0.5.0/24",
            "customer_owned_ipv4_pool": "",
            "enable_dns64": false,
            "enable_lni_at_device_index": 0,
            "enable_resource_name_dns_a_record_on_launch": false,
            "enable_resource_name_dns_aaaa_record_on_launch": false,
            "id": "subnet-065b17253670f596d",
            "ipv6_cidr_block": "",
            "ipv6_cidr_block_association_id": "",
            "ipv6_native": false,
            "map_customer_owned_ip_on_launch": false,
            "map_public_ip_on_launch": false,
            "outpost_arn": "",
            "owner_id": "160071257600",
            "private_dns_hostname_type_on_launch": "ip-name",
            "tags": {
              "Name": "VPC-A-Private4"
            },
            "tags_all": {
              "Name": "VPC-A-Private4"
            },
            "timeouts": null,
            "vpc_id": "vpc-0a31f5e70b944f691"
          },
          "sensitive_attributes": [],
          "private": "eyJlMmJmYjczMC1lY2FhLTExZTYtOGY4OC0zNDM2M2JjN2M0YzAiOnsiY3JlYXRlIjo2MDAwMDAwMDAwMDAsImRlbGV0ZSI6MTIwMDAwMDAwMDAwMH0sInNjaGVtYV92ZXJzaW9uIjoiMSJ9",
          "dependencies": [
            "aws_vpc.vpc"
          ]
        }
      ]
    },
    {
      "mode": "managed",
      "type": "aws_subnet",
      "name": "pub",
      "provider": "provider[\"registry.terraform.io/hashicorp/aws\"]",
      "instances": [
        {
          "schema_version": 1,
          "attributes": {
            "arn": "arn:aws:ec2:us-east-1:160071257600:subnet/subnet-05ce818d2b90b29fc",
            "assign_ipv6_address_on_creation": false,
            "availability_zone": "us-east-1a",
            "availability_zone_id": "use1-az4",
            "cidr_block": "10.0.0.0/24",
            "customer_owned_ipv4_pool": "",
            "enable_dns64": false,
            "enable_lni_at_device_index": 0,
            "enable_resource_name_dns_a_record_on_launch": false,
            "enable_resource_name_dns_aaaa_record_on_launch": false,
            "id": "subnet-05ce818d2b90b29fc",
            "ipv6_cidr_block": "",
            "ipv6_cidr_block_association_id": "",
            "ipv6_native": false,
            "map_customer_owned_ip_on_launch": false,
            "map_public_ip_on_launch": true,
            "outpost_arn": "",
            "owner_id": "160071257600",
            "private_dns_hostname_type_on_launch": "ip-name",
            "tags": {
              "Name": "VPC-A-Public"
            },
            "tags_all": {
              "Name": "VPC-A-Public"
            },
            "timeouts": null,
            "vpc_id": "vpc-0a31f5e70b944f691"
          },
          "sensitive_attributes": [],
          "private": "eyJlMmJmYjczMC1lY2FhLTExZTYtOGY4OC0zNDM2M2JjN2M0YzAiOnsiY3JlYXRlIjo2MDAwMDAwMDAwMDAsImRlbGV0ZSI6MTIwMDAwMDAwMDAwMH0sInNjaGVtYV92ZXJzaW9uIjoiMSJ9",
          "dependencies": [
            "aws_vpc.vpc"
          ]
        }
      ]
    },
    {
      "mode": "managed",
      "type": "aws_subnet",
      "name": "pub2",
      "provider": "provider[\"registry.terraform.io/hashicorp/aws\"]",
      "instances": [
        {
          "schema_version": 1,
          "attributes": {
            "arn": "arn:aws:ec2:us-east-1:160071257600:subnet/subnet-0b104ae438dc276f5",
            "assign_ipv6_address_on_creation": false,
            "availability_zone": "us-east-1b",
            "availability_zone_id": "use1-az6",
            "cidr_block": "10.0.1.0/24",
            "customer_owned_ipv4_pool": "",
            "enable_dns64": false,
            "enable_lni_at_device_index": 0,
            "enable_resource_name_dns_a_record_on_launch": false,
            "enable_resource_name_dns_aaaa_record_on_launch": false,
            "id": "subnet-0b104ae438dc276f5",
            "ipv6_cidr_block": "",
            "ipv6_cidr_block_association_id": "",
            "ipv6_native": false,
            "map_customer_owned_ip_on_launch": false,
            "map_public_ip_on_launch": true,
            "outpost_arn": "",
            "owner_id": "160071257600",
            "private_dns_hostname_type_on_launch": "ip-name",
            "tags": {
              "Name": "VPC-A-Public2"
            },
            "tags_all": {
              "Name": "VPC-A-Public2"
            },
            "timeouts": null,
            "vpc_id": "vpc-0a31f5e70b944f691"
          },
          "sensitive_attributes": [],
          "private": "eyJlMmJmYjczMC1lY2FhLTExZTYtOGY4OC0zNDM2M2JjN2M0YzAiOnsiY3JlYXRlIjo2MDAwMDAwMDAwMDAsImRlbGV0ZSI6MTIwMDAwMDAwMDAwMH0sInNjaGVtYV92ZXJzaW9uIjoiMSJ9",
          "dependencies": [
            "aws_vpc.vpc"
          ]
        }
      ]
    },
    {
      "mode": "managed",
      "type": "aws_vpc",
      "name": "vpc",
      "provider": "provider[\"registry.terraform.io/hashicorp/aws\"]",
      "instances": [
        {
          "schema_version": 1,
          "attributes": {
            "arn": "arn:aws:ec2:us-east-1:160071257600:vpc/vpc-0a31f5e70b944f691",
            "assign_generated_ipv6_cidr_block": false,
            "cidr_block": "10.0.0.0/16",
            "default_network_acl_id": "acl-01fe5e5a581aa4b5c",
            "default_route_table_id": "rtb-0361892652e5d6931",
            "default_security_group_id": "sg-0842d96b94c7d91c7",
            "dhcp_options_id": "dopt-0b4b7db03a4d1e2de",
            "enable_dns_hostnames": true,
            "enable_dns_support": true,
            "enable_network_address_usage_metrics": false,
            "id": "vpc-0a31f5e70b944f691",
            "instance_tenancy": "default",
            "ipv4_ipam_pool_id": null,
            "ipv4_netmask_length": null,
            "ipv6_association_id": "",
            "ipv6_cidr_block": "",
            "ipv6_cidr_block_network_border_group": "",
            "ipv6_ipam_pool_id": "",
            "ipv6_netmask_length": 0,
            "main_route_table_id": "rtb-0361892652e5d6931",
            "owner_id": "160071257600",
            "tags": {
              "Name": "VPC-A"
            },
            "tags_all": {
              "Name": "VPC-A"
            }
          },
          "sensitive_attributes": [],
          "private": "eyJzY2hlbWFfdmVyc2lvbiI6IjEifQ=="
        }
      ]
    },
    {
      "mode": "managed",
      "type": "random_password",
      "name": "master-password",
      "provider": "provider[\"registry.terraform.io/hashicorp/random\"]",
      "instances": [
        {
          "schema_version": 3,
          "attributes": {
            "bcrypt_hash": "$2a$10$3y6iHbhWacMKTWDm4MhGpOIpeDYDjolVBsGt9ofYlSvVFnN7VGnTO",
            "id": "none",
            "keepers": null,
            "length": 10,
            "lower": true,
            "min_lower": 0,
            "min_numeric": 0,
            "min_special": 0,
            "min_upper": 0,
            "number": true,
            "numeric": true,
            "override_special": null,
            "result": "YOocwvKsMw",
            "special": false,
            "upper": true
          },
          "sensitive_attributes": []
        }
      ]
    },
    {
      "mode": "managed",
      "type": "tls_private_key",
      "name": "ssh_key",
      "provider": "provider[\"registry.terraform.io/hashicorp/tls\"]",
      "instances": [
        {
          "schema_version": 1,
          "attributes": {
            "algorithm": "RSA",
            "ecdsa_curve": "P224",
            "id": "53f736c53f302124cd1814d274bbbdad456c6663",
            "private_key_openssh": "-----BEGIN OPENSSH PRIVATE KEY-----\nb3BlbnNzaC1rZXktdjEAAAAABG5vbmUAAAAEbm9uZQAAAAAAAAABAAACFwAAAAdz\nc2gtcnNhAAAAAwEAAQAAAgEAzGRDLJWYEFbhZqD6RBIH+wMLfWwVLv2i43tAOidZ\nEb4Zbj0PAxFvzUATKopXGcq6kT9FoBwcAOx6ke+wwLW84Mw/sdZ4iAUqUMiRjsxo\nNPRHveCTLqIj9IlRlrTye0z7b/IM3NiETKR8e60WMwrPeNqrXKiAdfiOEW/4GHKs\nKJtRj1IUuIxnhGvypWJ2aG/Qa5OrMGV94Ypx7K/zODCXkhx4fbnH0IMdkS3MOmUH\nxhBaupb/B0hPdvWoT9dC5sbMdYIiDNMy2FuzK3vyk6BmvoloLHIAONNX4arg21Ux\nvURxMLdSB8IDpUhezAg4reFvz7QKIQFxEpKv53n0IOSIWbOgpLfrFnJkmr9kufqJ\nnCGDkNWWcKcUgfzS+9kilE08E4+HzsN2y9FWXbscvTDUL18J/80Ow3mCN/HTQQxj\nYhm2g73Qew2vPok2LWmtQ/B6KyW915tW0I504YcQIp385AlVuR/eLLvGqRRQHCpy\nhaP1dkctMfFp/Q8fVHGzd62G1868p/gzH8YBAPgruH7QCHEL7GGW7lfWSBdUPhXR\nHY88ng0Zp6hti9owIXFhLpEBZ3nFiwX3c2R2tXL2SNmxp3KYiBk2bFKco/kvZm4p\nL9LFnJ9ouO8VAtFK9DTmZ0i0ttxGt7/WSgmxc7juMOFKBXv8h7+IgREX1SC7bczV\nQqkAAAc4nxWlSZ8VpUkAAAAHc3NoLXJzYQAAAgEAzGRDLJWYEFbhZqD6RBIH+wML\nfWwVLv2i43tAOidZEb4Zbj0PAxFvzUATKopXGcq6kT9FoBwcAOx6ke+wwLW84Mw/\nsdZ4iAUqUMiRjsxoNPRHveCTLqIj9IlRlrTye0z7b/IM3NiETKR8e60WMwrPeNqr\nXKiAdfiOEW/4GHKsKJtRj1IUuIxnhGvypWJ2aG/Qa5OrMGV94Ypx7K/zODCXkhx4\nfbnH0IMdkS3MOmUHxhBaupb/B0hPdvWoT9dC5sbMdYIiDNMy2FuzK3vyk6Bmvolo\nLHIAONNX4arg21UxvURxMLdSB8IDpUhezAg4reFvz7QKIQFxEpKv53n0IOSIWbOg\npLfrFnJkmr9kufqJnCGDkNWWcKcUgfzS+9kilE08E4+HzsN2y9FWXbscvTDUL18J\n/80Ow3mCN/HTQQxjYhm2g73Qew2vPok2LWmtQ/B6KyW915tW0I504YcQIp385AlV\nuR/eLLvGqRRQHCpyhaP1dkctMfFp/Q8fVHGzd62G1868p/gzH8YBAPgruH7QCHEL\n7GGW7lfWSBdUPhXRHY88ng0Zp6hti9owIXFhLpEBZ3nFiwX3c2R2tXL2SNmxp3KY\niBk2bFKco/kvZm4pL9LFnJ9ouO8VAtFK9DTmZ0i0ttxGt7/WSgmxc7juMOFKBXv8\nh7+IgREX1SC7bczVQqkAAAADAQABAAACAQCuzFBmoMkbsDG0g5eE/6azlTcOXJEB\nTwkvYwjasywJcHpvPOjJxu/GqTW6+/Thqe9EqMfy1hdc8uEgTczsAoE1/3e5r6IF\nMeWukNlrNoUoRIHWcWluSFxXldig+r8llAC1DFzTwpfitAmB+9Uwcd5djSVgaPrz\n6U4Wu5uBzRBO6gYmfBwceHdPWMJ7jmmVh4rHddLB4Qp3CN/Fe/SV6Xi3DII/g9LP\nEFMJBhHTHvQ2/2WYjeotYDoVkqIPJhmhJANXu6NDNJwXTNU+KxKaDmPQL9NXr2dh\nMd3GsUz8Ry/yncXv09fjqplTkUEBXUab7mChUWgYMhNxvuGRJUsTll7ET0owGy6p\nQs6WwVgXy4Ve6rONz9Xd5Yib6NvL7da0Lu8edj5R0RdtVLFL0AXUbI9T2Raykkq0\nEJTiUtoAuOYKk6MC20TGiulmNeK30p47kfSSPvlm1taXcgGBtdKg8sRsGTK21fh8\n6QWFlrW7r6Ftm+GlsN9Cn0SNoPz85r6fpKHV/FEqoOolpodY/wqsfp2g43VcBKSk\nGIRmFU1cz2hGFGoo/2G5KgznnVgQBPO8nFVSqakQ4WoZ9f73NxZBV/L2ANNqxU99\nm2fGMIZe62RFBL9naalQs94MFkuHcoyn3O/F7qmhYwv3t0IsJJ8FAff7PP96dIb6\nrsIPOjQGKP+PwQAAAQAZdcB2gWD7eviz+D2afUn6RIT6yWUo+43kHDVJXvRIY240\n5fYAdjLB8I0uHweoAvuPjR4pDnBVQg6H7tSLAhMZnrkzgTEGfFTyTi5TRk42cnfw\nvPp6kdoiGFxBnaIwNcC5NJHEd0hgoOKyeX7KmHvwsrYNd0Q/+ilKxtNvu6iNxa3/\nvo0TTitG08vgMaaD/032Tq0RlYx4pbi5avKIfdmU3uQgdg/CQCz/Vf3JHUQUo3xG\ndnYvocrzKyY36bMdtz2ockVE2jFtn7JmTTgdh5Iw6y3caXcrC4VQYrvBUvmGAF3y\nBxwnP6lRIUe1P4SJTveCz9XWQKpRS9gz5jbdycTkAAABAQDQIY1wzD/bpocLBKZq\ne+/ugVZ9lNOvReu5LWGsqzgdiLYlj1Y8Mg8rUMe5QFtYwP4/dfm7yFBzLpoZ1oo/\nJa2yDFyB832PbMjdNRIBuSvO8HnHeH/3VAEcJnGo40KS9rg3bPtnXmxaG7QfRcI6\n9fH+LR9Ar2GVIRDCNGX02pmOqhSkqUPmOaUF/jJTMc7sY6bOB5xt4g4Ga6nfCDsN\nLwC0xTUYmrAaAXPKNGv4fPG6a2UN/U8SdHL6CwzAzf0dZ4pDrA46koNc47GhuYeh\n36CiQPxaHOn3Njof0wIiCA7IH1XNE/ra7aAObFicNyW0iWkfVOmAoH0RpuVX14OY\nfiEDAAABAQD7ZonqiJCk9RANBuB2j7UwEv9aQUbBHP7V2F8B/p9SQKQO2rC60ieC\ncCJ2H73qCRreV63kRS2MBcXbOC9e7p20s8UrBRpcfy8nGoyn8bDeKEH6USegOPh6\nc1NVRrbyhIg0R9F8W2re6osCEfDSVz7QUZPRDBXLHWGkWKJ3mxXwYGeHu17fPCv3\na2MdP97cHXT/ggM+wcWCtPJv5S2nfIZAC/5vAKU22CwKI2dKP8zOUa8dPY2IsP19\n9xvXu3DeU0IlA88KlnMth/nCBu/kBhq7RvbBmi0bwiMAJCIF6iMcIuwjXs4VTM7M\nmX9+TJhJx2uFh94Gxi7epJ0TMrGUtP/jAAAAAAEC\n-----END OPENSSH PRIVATE KEY-----\n",
            "private_key_pem": "-----BEGIN RSA PRIVATE KEY-----\nMIIJKAIBAAKCAgEAzGRDLJWYEFbhZqD6RBIH+wMLfWwVLv2i43tAOidZEb4Zbj0P\nAxFvzUATKopXGcq6kT9FoBwcAOx6ke+wwLW84Mw/sdZ4iAUqUMiRjsxoNPRHveCT\nLqIj9IlRlrTye0z7b/IM3NiETKR8e60WMwrPeNqrXKiAdfiOEW/4GHKsKJtRj1IU\nuIxnhGvypWJ2aG/Qa5OrMGV94Ypx7K/zODCXkhx4fbnH0IMdkS3MOmUHxhBaupb/\nB0hPdvWoT9dC5sbMdYIiDNMy2FuzK3vyk6BmvoloLHIAONNX4arg21UxvURxMLdS\nB8IDpUhezAg4reFvz7QKIQFxEpKv53n0IOSIWbOgpLfrFnJkmr9kufqJnCGDkNWW\ncKcUgfzS+9kilE08E4+HzsN2y9FWXbscvTDUL18J/80Ow3mCN/HTQQxjYhm2g73Q\new2vPok2LWmtQ/B6KyW915tW0I504YcQIp385AlVuR/eLLvGqRRQHCpyhaP1dkct\nMfFp/Q8fVHGzd62G1868p/gzH8YBAPgruH7QCHEL7GGW7lfWSBdUPhXRHY88ng0Z\np6hti9owIXFhLpEBZ3nFiwX3c2R2tXL2SNmxp3KYiBk2bFKco/kvZm4pL9LFnJ9o\nuO8VAtFK9DTmZ0i0ttxGt7/WSgmxc7juMOFKBXv8h7+IgREX1SC7bczVQqkCAwEA\nAQKCAgEArsxQZqDJG7AxtIOXhP+ms5U3DlyRAU8JL2MI2rMsCXB6bzzoycbvxqk1\nuvv04anvRKjH8tYXXPLhIE3M7AKBNf93ua+iBTHlrpDZazaFKESB1nFpbkhcV5XY\noPq/JZQAtQxc08KX4rQJgfvVMHHeXY0lYGj68+lOFrubgc0QTuoGJnwcHHh3T1jC\ne45plYeKx3XSweEKdwjfxXv0lel4twyCP4PSzxBTCQYR0x70Nv9lmI3qLWA6FZKi\nDyYZoSQDV7ujQzScF0zVPisSmg5j0C/TV69nYTHdxrFM/Ecv8p3F79PX46qZU5FB\nAV1Gm+5goVFoGDITcb7hkSVLE5ZexE9KMBsuqULOlsFYF8uFXuqzjc/V3eWIm+jb\ny+3WtC7vHnY+UdEXbVSxS9AF1GyPU9kWspJKtBCU4lLaALjmCpOjAttExorpZjXi\nt9KeO5H0kj75ZtbWl3IBgbXSoPLEbBkyttX4fOkFhZa1u6+hbZvhpbDfQp9EjaD8\n/Oa+n6Sh1fxRKqDqJaaHWP8KrH6doON1XASkpBiEZhVNXM9oRhRqKP9huSoM551Y\nEATzvJxVUqmpEOFqGfX+9zcWQVfy9gDTasVPfZtnxjCGXutkRQS/Z2mpULPeDBZL\nh3KMp9zvxe6poWML97dCLCSfBQH3+zz/enSG+q7CDzo0Bij/j8ECggEBANAhjXDM\nP9umhwsEpmp77+6BVn2U069F67ktYayrOB2ItiWPVjwyDytQx7lAW1jA/j91+bvI\nUHMumhnWij8lrbIMXIHzfY9syN01EgG5K87wecd4f/dUARwmcajjQpL2uDds+2de\nbFobtB9Fwjr18f4tH0CvYZUhEMI0ZfTamY6qFKSpQ+Y5pQX+MlMxzuxjps4HnG3i\nDgZrqd8IOw0vALTFNRiasBoBc8o0a/h88bprZQ39TxJ0cvoLDMDN/R1nikOsDjqS\ng1zjsaG5h6HfoKJA/Foc6fc2Oh/TAiIIDsgfVc0T+trtoA5sWJw3JbSJaR9U6YCg\nfRGm5VfXg5h+IQMCggEBAPtmieqIkKT1EA0G4HaPtTAS/1pBRsEc/tXYXwH+n1JA\npA7asLrSJ4JwInYfveoJGt5XreRFLYwFxds4L17unbSzxSsFGlx/LycajKfxsN4o\nQfpRJ6A4+HpzU1VGtvKEiDRH0Xxbat7qiwIR8NJXPtBRk9EMFcsdYaRYonebFfBg\nZ4e7Xt88K/drYx0/3twddP+CAz7BxYK08m/lLad8hkAL/m8ApTbYLAojZ0o/zM5R\nrx09jYiw/X33G9e7cN5TQiUDzwqWcy2H+cIG7+QGGrtG9sGaLRvCIwAkIgXqIxwi\n7CNezhVMzsyZf35MmEnHa4WH3gbGLt6knRMysZS0/+MCggEAARH7GTZjqax8i0j1\n1hxXCoHtwO2P/Rm98ZDTLMEgo749OYo4Jk0XmOBsdn5nOdicNhVUOGv6Re1aa4GX\n6mU2NHEt1Jk87wzfJ4wLUKj0GbdQ2P68obfz3YIxGW45vGm6XsaXsFti8T+tOG/y\nZL05BlaTD5EXTl4CKQ197LlnCr3DJ2mbaMapG5PIDHd4Ge0VQX/2hPYhnlTVZck0\nDIhOV5+f+0VoXGnff42vdHKoB45f0aeYzX59zN1brm4gvBL5OgnbdN+l/0dIdY1v\nrhxpRgxRf+EgLt4/hERggW5LLSpEFa7hnliUdx6FgiAieIAwYzHblYa9veZ+zWnV\nSmZzowKCAQBTqNbCbnm7+zVBMIWnzsDb46aIMWrLPsvq+9r5/fKk24/8xXfEY8T0\nGj7NkliPtkHztbfPW9oBW7Zw8iyJadyfUqeNXmBcYZKeb65ZAQv7kegK1dDa97pw\nfUpA+YxN/h6ZT0D+IinZTrG9mZzLUm87wbnv+haShg+FMl22cayGVn59Y7P5k7uJ\n1XmhNS0DkOXrVSehTbhde7ul0t0zfDPswlEEPXG9Y4icQxXPVpXgHryofWBJGaTx\nszbXvq+bvJcpXDAc9N4VS8eocsiH2CQzKDVbTeQu9ZbSKDQORdEzPsfYKWdpHStA\nWOBddj3DZ5J3WDRhirf0LVF8HwWLWARDAoIBABl1wHaBYPt6+LP4PZp9SfpEhPrJ\nZSj7jeQcNUle9EhjbjTl9gB2MsHwjS4fB6gC+4+NHikOcFVCDofu1IsCExmeuTOB\nMQZ8VPJOLlNGTjZyd/C8+nqR2iIYXEGdojA1wLk0kcR3SGCg4rJ5fsqYe/Cytg13\nRD/6KUrG02+7qI3Frf++jRNOK0bTy+AxpoP/TfZOrRGVjHiluLlq8oh92ZTe5CB2\nD8JALP9V/ckdRBSjfEZ2di+hyvMrJjfpsx23PahyRUTaMW2fsmZNOB2HkjDrLdxp\ndysLhVBiu8FS+YYAXfIHHCc/qVEhR7U/hIlO94LP1dZAqlFL2DPmNt3JxOQ=\n-----END RSA PRIVATE KEY-----\n",
            "private_key_pem_pkcs8": "-----BEGIN PRIVATE KEY-----\nMIIJQgIBADANBgkqhkiG9w0BAQEFAASCCSwwggkoAgEAAoICAQDMZEMslZgQVuFm\noPpEEgf7Awt9bBUu/aLje0A6J1kRvhluPQ8DEW/NQBMqilcZyrqRP0WgHBwA7HqR\n77DAtbzgzD+x1niIBSpQyJGOzGg09Ee94JMuoiP0iVGWtPJ7TPtv8gzc2IRMpHx7\nrRYzCs942qtcqIB1+I4Rb/gYcqwom1GPUhS4jGeEa/KlYnZob9Brk6swZX3hinHs\nr/M4MJeSHHh9ucfQgx2RLcw6ZQfGEFq6lv8HSE929ahP10Lmxsx1giIM0zLYW7Mr\ne/KToGa+iWgscgA401fhquDbVTG9RHEwt1IHwgOlSF7MCDit4W/PtAohAXESkq/n\nefQg5IhZs6Ckt+sWcmSav2S5+omcIYOQ1ZZwpxSB/NL72SKUTTwTj4fOw3bL0VZd\nuxy9MNQvXwn/zQ7DeYI38dNBDGNiGbaDvdB7Da8+iTYtaa1D8HorJb3Xm1bQjnTh\nhxAinfzkCVW5H94su8apFFAcKnKFo/V2Ry0x8Wn9Dx9UcbN3rYbXzryn+DMfxgEA\n+Cu4ftAIcQvsYZbuV9ZIF1Q+FdEdjzyeDRmnqG2L2jAhcWEukQFnecWLBfdzZHa1\ncvZI2bGncpiIGTZsUpyj+S9mbikv0sWcn2i47xUC0Ur0NOZnSLS23Ea3v9ZKCbFz\nuO4w4UoFe/yHv4iBERfVILttzNVCqQIDAQABAoICAQCuzFBmoMkbsDG0g5eE/6az\nlTcOXJEBTwkvYwjasywJcHpvPOjJxu/GqTW6+/Thqe9EqMfy1hdc8uEgTczsAoE1\n/3e5r6IFMeWukNlrNoUoRIHWcWluSFxXldig+r8llAC1DFzTwpfitAmB+9Uwcd5d\njSVgaPrz6U4Wu5uBzRBO6gYmfBwceHdPWMJ7jmmVh4rHddLB4Qp3CN/Fe/SV6Xi3\nDII/g9LPEFMJBhHTHvQ2/2WYjeotYDoVkqIPJhmhJANXu6NDNJwXTNU+KxKaDmPQ\nL9NXr2dhMd3GsUz8Ry/yncXv09fjqplTkUEBXUab7mChUWgYMhNxvuGRJUsTll7E\nT0owGy6pQs6WwVgXy4Ve6rONz9Xd5Yib6NvL7da0Lu8edj5R0RdtVLFL0AXUbI9T\n2Raykkq0EJTiUtoAuOYKk6MC20TGiulmNeK30p47kfSSPvlm1taXcgGBtdKg8sRs\nGTK21fh86QWFlrW7r6Ftm+GlsN9Cn0SNoPz85r6fpKHV/FEqoOolpodY/wqsfp2g\n43VcBKSkGIRmFU1cz2hGFGoo/2G5KgznnVgQBPO8nFVSqakQ4WoZ9f73NxZBV/L2\nANNqxU99m2fGMIZe62RFBL9naalQs94MFkuHcoyn3O/F7qmhYwv3t0IsJJ8FAff7\nPP96dIb6rsIPOjQGKP+PwQKCAQEA0CGNcMw/26aHCwSmanvv7oFWfZTTr0XruS1h\nrKs4HYi2JY9WPDIPK1DHuUBbWMD+P3X5u8hQcy6aGdaKPyWtsgxcgfN9j2zI3TUS\nAbkrzvB5x3h/91QBHCZxqONCkva4N2z7Z15sWhu0H0XCOvXx/i0fQK9hlSEQwjRl\n9NqZjqoUpKlD5jmlBf4yUzHO7GOmzgecbeIOBmup3wg7DS8AtMU1GJqwGgFzyjRr\n+HzxumtlDf1PEnRy+gsMwM39HWeKQ6wOOpKDXOOxobmHod+gokD8Whzp9zY6H9MC\nIggOyB9VzRP62u2gDmxYnDcltIlpH1TpgKB9EablV9eDmH4hAwKCAQEA+2aJ6oiQ\npPUQDQbgdo+1MBL/WkFGwRz+1dhfAf6fUkCkDtqwutIngnAidh+96gka3let5EUt\njAXF2zgvXu6dtLPFKwUaXH8vJxqMp/Gw3ihB+lEnoDj4enNTVUa28oSINEfRfFtq\n3uqLAhHw0lc+0FGT0QwVyx1hpFiid5sV8GBnh7te3zwr92tjHT/e3B10/4IDPsHF\ngrTyb+Utp3yGQAv+bwClNtgsCiNnSj/MzlGvHT2NiLD9ffcb17tw3lNCJQPPCpZz\nLYf5wgbv5AYau0b2wZotG8IjACQiBeojHCLsI17OFUzOzJl/fkyYScdrhYfeBsYu\n3qSdEzKxlLT/4wKCAQABEfsZNmOprHyLSPXWHFcKge3A7Y/9Gb3xkNMswSCjvj05\nijgmTReY4Gx2fmc52Jw2FVQ4a/pF7VprgZfqZTY0cS3UmTzvDN8njAtQqPQZt1DY\n/ryht/PdgjEZbjm8abpexpewW2LxP604b/JkvTkGVpMPkRdOXgIpDX3suWcKvcMn\naZtoxqkbk8gMd3gZ7RVBf/aE9iGeVNVlyTQMiE5Xn5/7RWhcad9/ja90cqgHjl/R\np5jNfn3M3VuubiC8Evk6Cdt036X/R0h1jW+uHGlGDFF/4SAu3j+ERGCBbkstKkQV\nruGeWJR3HoWCICJ4gDBjMduVhr295n7NadVKZnOjAoIBAFOo1sJuebv7NUEwhafO\nwNvjpogxass+y+r72vn98qTbj/zFd8RjxPQaPs2SWI+2QfO1t89b2gFbtnDyLIlp\n3J9Sp41eYFxhkp5vrlkBC/uR6ArV0Nr3unB9SkD5jE3+HplPQP4iKdlOsb2ZnMtS\nbzvBue/6FpKGD4UyXbZxrIZWfn1js/mTu4nVeaE1LQOQ5etVJ6FNuF17u6XS3TN8\nM+zCUQQ9cb1jiJxDFc9WleAevKh9YEkZpPGzNte+r5u8lylcMBz03hVLx6hyyIfY\nJDMoNVtN5C71ltIoNA5F0TM+x9gpZ2kdK0BY4F12PcNnkndYNGGKt/QtUXwfBYtY\nBEMCggEAGXXAdoFg+3r4s/g9mn1J+kSE+sllKPuN5Bw1SV70SGNuNOX2AHYywfCN\nLh8HqAL7j40eKQ5wVUIOh+7UiwITGZ65M4ExBnxU8k4uU0ZONnJ38Lz6epHaIhhc\nQZ2iMDXAuTSRxHdIYKDisnl+yph78LK2DXdEP/opSsbTb7uojcWt/76NE04rRtPL\n4DGmg/9N9k6tEZWMeKW4uWryiH3ZlN7kIHYPwkAs/1X9yR1EFKN8RnZ2L6HK8ysm\nN+mzHbc9qHJFRNoxbZ+yZk04HYeSMOst3Gl3KwuFUGK7wVL5hgBd8gccJz+pUSFH\ntT+EiU73gs/V1kCqUUvYM+Y23cnE5A==\n-----END PRIVATE KEY-----\n",
            "public_key_fingerprint_md5": "85:06:71:4e:d6:a4:a9:82:bf:f8:2b:73:1d:30:e6:93",
            "public_key_fingerprint_sha256": "SHA256:N9x3VJOKuVjD/4O8kgNWw6fv2F+OzXoz4Bw/674UjUI",
            "public_key_openssh": "ssh-rsa AAAAB3NzaC1yc2EAAAADAQABAAACAQDMZEMslZgQVuFmoPpEEgf7Awt9bBUu/aLje0A6J1kRvhluPQ8DEW/NQBMqilcZyrqRP0WgHBwA7HqR77DAtbzgzD+x1niIBSpQyJGOzGg09Ee94JMuoiP0iVGWtPJ7TPtv8gzc2IRMpHx7rRYzCs942qtcqIB1+I4Rb/gYcqwom1GPUhS4jGeEa/KlYnZob9Brk6swZX3hinHsr/M4MJeSHHh9ucfQgx2RLcw6ZQfGEFq6lv8HSE929ahP10Lmxsx1giIM0zLYW7Mre/KToGa+iWgscgA401fhquDbVTG9RHEwt1IHwgOlSF7MCDit4W/PtAohAXESkq/nefQg5IhZs6Ckt+sWcmSav2S5+omcIYOQ1ZZwpxSB/NL72SKUTTwTj4fOw3bL0VZduxy9MNQvXwn/zQ7DeYI38dNBDGNiGbaDvdB7Da8+iTYtaa1D8HorJb3Xm1bQjnThhxAinfzkCVW5H94su8apFFAcKnKFo/V2Ry0x8Wn9Dx9UcbN3rYbXzryn+DMfxgEA+Cu4ftAIcQvsYZbuV9ZIF1Q+FdEdjzyeDRmnqG2L2jAhcWEukQFnecWLBfdzZHa1cvZI2bGncpiIGTZsUpyj+S9mbikv0sWcn2i47xUC0Ur0NOZnSLS23Ea3v9ZKCbFzuO4w4UoFe/yHv4iBERfVILttzNVCqQ==\n",
            "public_key_pem": "-----BEGIN PUBLIC KEY-----\nMIICIjANBgkqhkiG9w0BAQEFAAOCAg8AMIICCgKCAgEAzGRDLJWYEFbhZqD6RBIH\n+wMLfWwVLv2i43tAOidZEb4Zbj0PAxFvzUATKopXGcq6kT9FoBwcAOx6ke+wwLW8\n4Mw/sdZ4iAUqUMiRjsxoNPRHveCTLqIj9IlRlrTye0z7b/IM3NiETKR8e60WMwrP\neNqrXKiAdfiOEW/4GHKsKJtRj1IUuIxnhGvypWJ2aG/Qa5OrMGV94Ypx7K/zODCX\nkhx4fbnH0IMdkS3MOmUHxhBaupb/B0hPdvWoT9dC5sbMdYIiDNMy2FuzK3vyk6Bm\nvoloLHIAONNX4arg21UxvURxMLdSB8IDpUhezAg4reFvz7QKIQFxEpKv53n0IOSI\nWbOgpLfrFnJkmr9kufqJnCGDkNWWcKcUgfzS+9kilE08E4+HzsN2y9FWXbscvTDU\nL18J/80Ow3mCN/HTQQxjYhm2g73Qew2vPok2LWmtQ/B6KyW915tW0I504YcQIp38\n5AlVuR/eLLvGqRRQHCpyhaP1dkctMfFp/Q8fVHGzd62G1868p/gzH8YBAPgruH7Q\nCHEL7GGW7lfWSBdUPhXRHY88ng0Zp6hti9owIXFhLpEBZ3nFiwX3c2R2tXL2SNmx\np3KYiBk2bFKco/kvZm4pL9LFnJ9ouO8VAtFK9DTmZ0i0ttxGt7/WSgmxc7juMOFK\nBXv8h7+IgREX1SC7bczVQqkCAwEAAQ==\n-----END PUBLIC KEY-----\n",
            "rsa_bits": 4096
          },
          "sensitive_attributes": []
        }
      ]
    }
  ],
  "check_results": null
}
